// !$*UTF8*$!
{
	archiveVersion = 1;
	classes = {
	};
	objectVersion = 56;
	objects = {

/* Begin PBXBuildFile section */
		10F0F52E2B8BE8D800E3A8B0 /* KairosApp.swift in Sources */ = {isa = PBXBuildFile; fileRef = 10F0F52D2B8BE8D800E3A8B0 /* KairosApp.swift */; };
		10F0F5302B8BE8D800E3A8B0 /* ContentView.swift in Sources */ = {isa = PBXBuildFile; fileRef = 10F0F52F2B8BE8D800E3A8B0 /* ContentView.swift */; };
		10F0F5322B8BE8D800E3A8B0 /* Item.swift in Sources */ = {isa = PBXBuildFile; fileRef = 10F0F5312B8BE8D800E3A8B0 /* Item.swift */; };
		10F0F5342B8BE8DA00E3A8B0 /* Assets.xcassets in Resources */ = {isa = PBXBuildFile; fileRef = 10F0F5332B8BE8DA00E3A8B0 /* Assets.xcassets */; };
		10F0F5372B8BE8DA00E3A8B0 /* Preview Assets.xcassets in Resources */ = {isa = PBXBuildFile; fileRef = 10F0F5362B8BE8DA00E3A8B0 /* Preview Assets.xcassets */; };
		10F0F5412B8BE8DB00E3A8B0 /* KairosTests.swift in Sources */ = {isa = PBXBuildFile; fileRef = 10F0F5402B8BE8DB00E3A8B0 /* KairosTests.swift */; };
		10F0F54B2B8BE8DB00E3A8B0 /* KairosUITests.swift in Sources */ = {isa = PBXBuildFile; fileRef = 10F0F54A2B8BE8DB00E3A8B0 /* KairosUITests.swift */; };
		10F0F54D2B8BE8DB00E3A8B0 /* KairosUITestsLaunchTests.swift in Sources */ = {isa = PBXBuildFile; fileRef = 10F0F54C2B8BE8DB00E3A8B0 /* KairosUITestsLaunchTests.swift */; };
		10F0F55D2B8BF9D200E3A8B0 /* EventView.swift in Sources */ = {isa = PBXBuildFile; fileRef = 10F0F55A2B8BF9D200E3A8B0 /* EventView.swift */; };
		10F0F55E2B8BF9D200E3A8B0 /* CalendarView.swift in Sources */ = {isa = PBXBuildFile; fileRef = 10F0F55B2B8BF9D200E3A8B0 /* CalendarView.swift */; };
		10F0F55F2B8BF9D200E3A8B0 /* EventManager.swift in Sources */ = {isa = PBXBuildFile; fileRef = 10F0F55C2B8BF9D200E3A8B0 /* EventManager.swift */; };
		10F0F5612B8BFADE00E3A8B0 /* CalendarViewModel.swift in Sources */ = {isa = PBXBuildFile; fileRef = 10F0F5602B8BFADE00E3A8B0 /* CalendarViewModel.swift */; };
/* End PBXBuildFile section */

/* Begin PBXContainerItemProxy section */
		10F0F53D2B8BE8DB00E3A8B0 /* PBXContainerItemProxy */ = {
			isa = PBXContainerItemProxy;
			containerPortal = 10F0F5222B8BE8D800E3A8B0 /* Project object */;
			proxyType = 1;
			remoteGlobalIDString = 10F0F5292B8BE8D800E3A8B0;
			remoteInfo = Kairos;
		};
		10F0F5472B8BE8DB00E3A8B0 /* PBXContainerItemProxy */ = {
			isa = PBXContainerItemProxy;
			containerPortal = 10F0F5222B8BE8D800E3A8B0 /* Project object */;
			proxyType = 1;
			remoteGlobalIDString = 10F0F5292B8BE8D800E3A8B0;
			remoteInfo = Kairos;
		};
/* End PBXContainerItemProxy section */

/* Begin PBXFileReference section */
		10F0F52A2B8BE8D800E3A8B0 /* Kairos.app */ = {isa = PBXFileReference; explicitFileType = wrapper.application; includeInIndex = 0; path = Kairos.app; sourceTree = BUILT_PRODUCTS_DIR; };
		10F0F52D2B8BE8D800E3A8B0 /* KairosApp.swift */ = {isa = PBXFileReference; lastKnownFileType = sourcecode.swift; path = KairosApp.swift; sourceTree = "<group>"; };
		10F0F52F2B8BE8D800E3A8B0 /* ContentView.swift */ = {isa = PBXFileReference; lastKnownFileType = sourcecode.swift; path = ContentView.swift; sourceTree = "<group>"; };
		10F0F5312B8BE8D800E3A8B0 /* Item.swift */ = {isa = PBXFileReference; lastKnownFileType = sourcecode.swift; path = Item.swift; sourceTree = "<group>"; };
		10F0F5332B8BE8DA00E3A8B0 /* Assets.xcassets */ = {isa = PBXFileReference; lastKnownFileType = folder.assetcatalog; path = Assets.xcassets; sourceTree = "<group>"; };
		10F0F5362B8BE8DA00E3A8B0 /* Preview Assets.xcassets */ = {isa = PBXFileReference; lastKnownFileType = folder.assetcatalog; path = "Preview Assets.xcassets"; sourceTree = "<group>"; };
		10F0F53C2B8BE8DB00E3A8B0 /* KairosTests.xctest */ = {isa = PBXFileReference; explicitFileType = wrapper.cfbundle; includeInIndex = 0; path = KairosTests.xctest; sourceTree = BUILT_PRODUCTS_DIR; };
		10F0F5402B8BE8DB00E3A8B0 /* KairosTests.swift */ = {isa = PBXFileReference; lastKnownFileType = sourcecode.swift; path = KairosTests.swift; sourceTree = "<group>"; };
		10F0F5462B8BE8DB00E3A8B0 /* KairosUITests.xctest */ = {isa = PBXFileReference; explicitFileType = wrapper.cfbundle; includeInIndex = 0; path = KairosUITests.xctest; sourceTree = BUILT_PRODUCTS_DIR; };
		10F0F54A2B8BE8DB00E3A8B0 /* KairosUITests.swift */ = {isa = PBXFileReference; lastKnownFileType = sourcecode.swift; path = KairosUITests.swift; sourceTree = "<group>"; };
		10F0F54C2B8BE8DB00E3A8B0 /* KairosUITestsLaunchTests.swift */ = {isa = PBXFileReference; lastKnownFileType = sourcecode.swift; path = KairosUITestsLaunchTests.swift; sourceTree = "<group>"; };
		10F0F55A2B8BF9D200E3A8B0 /* EventView.swift */ = {isa = PBXFileReference; fileEncoding = 4; lastKnownFileType = sourcecode.swift; path = EventView.swift; sourceTree = "<group>"; };
		10F0F55B2B8BF9D200E3A8B0 /* CalendarView.swift */ = {isa = PBXFileReference; fileEncoding = 4; lastKnownFileType = sourcecode.swift; path = CalendarView.swift; sourceTree = "<group>"; };
		10F0F55C2B8BF9D200E3A8B0 /* EventManager.swift */ = {isa = PBXFileReference; fileEncoding = 4; lastKnownFileType = sourcecode.swift; path = EventManager.swift; sourceTree = "<group>"; };
		10F0F5602B8BFADE00E3A8B0 /* CalendarViewModel.swift */ = {isa = PBXFileReference; lastKnownFileType = sourcecode.swift; path = CalendarViewModel.swift; sourceTree = "<group>"; };
/* End PBXFileReference section */

/* Begin PBXFrameworksBuildPhase section */
		10F0F5272B8BE8D800E3A8B0 /* Frameworks */ = {
			isa = PBXFrameworksBuildPhase;
			buildActionMask = 2147483647;
			files = (
			);
			runOnlyForDeploymentPostprocessing = 0;
		};
		10F0F5392B8BE8DB00E3A8B0 /* Frameworks */ = {
			isa = PBXFrameworksBuildPhase;
			buildActionMask = 2147483647;
			files = (
			);
			runOnlyForDeploymentPostprocessing = 0;
		};
		10F0F5432B8BE8DB00E3A8B0 /* Frameworks */ = {
			isa = PBXFrameworksBuildPhase;
			buildActionMask = 2147483647;
			files = (
			);
			runOnlyForDeploymentPostprocessing = 0;
		};
/* End PBXFrameworksBuildPhase section */

/* Begin PBXGroup section */
		10F0F5212B8BE8D800E3A8B0 = {
			isa = PBXGroup;
			children = (
				10F0F52C2B8BE8D800E3A8B0 /* Kairos */,
				10F0F53F2B8BE8DB00E3A8B0 /* KairosTests */,
				10F0F5492B8BE8DB00E3A8B0 /* KairosUITests */,
				10F0F52B2B8BE8D800E3A8B0 /* Products */,
			);
			sourceTree = "<group>";
		};
		10F0F52B2B8BE8D800E3A8B0 /* Products */ = {
			isa = PBXGroup;
			children = (
				10F0F52A2B8BE8D800E3A8B0 /* Kairos.app */,
				10F0F53C2B8BE8DB00E3A8B0 /* KairosTests.xctest */,
				10F0F5462B8BE8DB00E3A8B0 /* KairosUITests.xctest */,
			);
			name = Products;
			sourceTree = "<group>";
		};
		10F0F52C2B8BE8D800E3A8B0 /* Kairos */ = {
			isa = PBXGroup;
			children = (
				10F0F52D2B8BE8D800E3A8B0 /* KairosApp.swift */,
				10F0F52F2B8BE8D800E3A8B0 /* ContentView.swift */,
				10F0F55B2B8BF9D200E3A8B0 /* CalendarView.swift */,
				10F0F5602B8BFADE00E3A8B0 /* CalendarViewModel.swift */,
				10F0F55C2B8BF9D200E3A8B0 /* EventManager.swift */,
				10F0F55A2B8BF9D200E3A8B0 /* EventView.swift */,
				10F0F5312B8BE8D800E3A8B0 /* Item.swift */,
				10F0F5332B8BE8DA00E3A8B0 /* Assets.xcassets */,
				10F0F5352B8BE8DA00E3A8B0 /* Preview Content */,
			);
			path = Kairos;
			sourceTree = "<group>";
		};
		10F0F5352B8BE8DA00E3A8B0 /* Preview Content */ = {
			isa = PBXGroup;
			children = (
				10F0F5362B8BE8DA00E3A8B0 /* Preview Assets.xcassets */,
			);
			path = "Preview Content";
			sourceTree = "<group>";
		};
		10F0F53F2B8BE8DB00E3A8B0 /* KairosTests */ = {
			isa = PBXGroup;
			children = (
				10F0F5402B8BE8DB00E3A8B0 /* KairosTests.swift */,
			);
			path = KairosTests;
			sourceTree = "<group>";
		};
		10F0F5492B8BE8DB00E3A8B0 /* KairosUITests */ = {
			isa = PBXGroup;
			children = (
				10F0F54A2B8BE8DB00E3A8B0 /* KairosUITests.swift */,
				10F0F54C2B8BE8DB00E3A8B0 /* KairosUITestsLaunchTests.swift */,
			);
			path = KairosUITests;
			sourceTree = "<group>";
		};
/* End PBXGroup section */

/* Begin PBXNativeTarget section */
		10F0F5292B8BE8D800E3A8B0 /* Kairos */ = {
			isa = PBXNativeTarget;
			buildConfigurationList = 10F0F5502B8BE8DB00E3A8B0 /* Build configuration list for PBXNativeTarget "Kairos" */;
			buildPhases = (
				10F0F5262B8BE8D800E3A8B0 /* Sources */,
				10F0F5272B8BE8D800E3A8B0 /* Frameworks */,
				10F0F5282B8BE8D800E3A8B0 /* Resources */,
			);
			buildRules = (
			);
			dependencies = (
			);
			name = Kairos;
			productName = Kairos;
			productReference = 10F0F52A2B8BE8D800E3A8B0 /* Kairos.app */;
			productType = "com.apple.product-type.application";
		};
		10F0F53B2B8BE8DB00E3A8B0 /* KairosTests */ = {
			isa = PBXNativeTarget;
			buildConfigurationList = 10F0F5532B8BE8DB00E3A8B0 /* Build configuration list for PBXNativeTarget "KairosTests" */;
			buildPhases = (
				10F0F5382B8BE8DB00E3A8B0 /* Sources */,
				10F0F5392B8BE8DB00E3A8B0 /* Frameworks */,
				10F0F53A2B8BE8DB00E3A8B0 /* Resources */,
			);
			buildRules = (
			);
			dependencies = (
				10F0F53E2B8BE8DB00E3A8B0 /* PBXTargetDependency */,
			);
			name = KairosTests;
			productName = KairosTests;
			productReference = 10F0F53C2B8BE8DB00E3A8B0 /* KairosTests.xctest */;
			productType = "com.apple.product-type.bundle.unit-test";
		};
		10F0F5452B8BE8DB00E3A8B0 /* KairosUITests */ = {
			isa = PBXNativeTarget;
			buildConfigurationList = 10F0F5562B8BE8DB00E3A8B0 /* Build configuration list for PBXNativeTarget "KairosUITests" */;
			buildPhases = (
				10F0F5422B8BE8DB00E3A8B0 /* Sources */,
				10F0F5432B8BE8DB00E3A8B0 /* Frameworks */,
				10F0F5442B8BE8DB00E3A8B0 /* Resources */,
			);
			buildRules = (
			);
			dependencies = (
				10F0F5482B8BE8DB00E3A8B0 /* PBXTargetDependency */,
			);
			name = KairosUITests;
			productName = KairosUITests;
			productReference = 10F0F5462B8BE8DB00E3A8B0 /* KairosUITests.xctest */;
			productType = "com.apple.product-type.bundle.ui-testing";
		};
/* End PBXNativeTarget section */

/* Begin PBXProject section */
		10F0F5222B8BE8D800E3A8B0 /* Project object */ = {
			isa = PBXProject;
			attributes = {
				BuildIndependentTargetsInParallel = 1;
				LastSwiftUpdateCheck = 1520;
				LastUpgradeCheck = 1520;
				TargetAttributes = {
					10F0F5292B8BE8D800E3A8B0 = {
						CreatedOnToolsVersion = 15.2;
					};
					10F0F53B2B8BE8DB00E3A8B0 = {
						CreatedOnToolsVersion = 15.2;
						TestTargetID = 10F0F5292B8BE8D800E3A8B0;
					};
					10F0F5452B8BE8DB00E3A8B0 = {
						CreatedOnToolsVersion = 15.2;
						TestTargetID = 10F0F5292B8BE8D800E3A8B0;
					};
				};
			};
			buildConfigurationList = 10F0F5252B8BE8D800E3A8B0 /* Build configuration list for PBXProject "Kairos" */;
			compatibilityVersion = "Xcode 14.0";
			developmentRegion = en;
			hasScannedForEncodings = 0;
			knownRegions = (
				en,
				Base,
			);
			mainGroup = 10F0F5212B8BE8D800E3A8B0;
			packageReferences = (
				10F0F5592B8BF91100E3A8B0 /* XCRemoteSwiftPackageReference "swift-nio" */,
			);
			productRefGroup = 10F0F52B2B8BE8D800E3A8B0 /* Products */;
			projectDirPath = "";
			projectRoot = "";
			targets = (
				10F0F5292B8BE8D800E3A8B0 /* Kairos */,
				10F0F53B2B8BE8DB00E3A8B0 /* KairosTests */,
				10F0F5452B8BE8DB00E3A8B0 /* KairosUITests */,
			);
		};
/* End PBXProject section */

/* Begin PBXResourcesBuildPhase section */
		10F0F5282B8BE8D800E3A8B0 /* Resources */ = {
			isa = PBXResourcesBuildPhase;
			buildActionMask = 2147483647;
			files = (
				10F0F5372B8BE8DA00E3A8B0 /* Preview Assets.xcassets in Resources */,
				10F0F5342B8BE8DA00E3A8B0 /* Assets.xcassets in Resources */,
			);
			runOnlyForDeploymentPostprocessing = 0;
		};
		10F0F53A2B8BE8DB00E3A8B0 /* Resources */ = {
			isa = PBXResourcesBuildPhase;
			buildActionMask = 2147483647;
			files = (
			);
			runOnlyForDeploymentPostprocessing = 0;
		};
		10F0F5442B8BE8DB00E3A8B0 /* Resources */ = {
			isa = PBXResourcesBuildPhase;
			buildActionMask = 2147483647;
			files = (
			);
			runOnlyForDeploymentPostprocessing = 0;
		};
/* End PBXResourcesBuildPhase section */

/* Begin PBXSourcesBuildPhase section */
		10F0F5262B8BE8D800E3A8B0 /* Sources */ = {
			isa = PBXSourcesBuildPhase;
			buildActionMask = 2147483647;
			files = (
				10F0F55F2B8BF9D200E3A8B0 /* EventManager.swift in Sources */,
				10F0F55E2B8BF9D200E3A8B0 /* CalendarView.swift in Sources */,
				10F0F5302B8BE8D800E3A8B0 /* ContentView.swift in Sources */,
				10F0F5322B8BE8D800E3A8B0 /* Item.swift in Sources */,
				10F0F52E2B8BE8D800E3A8B0 /* KairosApp.swift in Sources */,
				10F0F55D2B8BF9D200E3A8B0 /* EventView.swift in Sources */,
				10F0F5612B8BFADE00E3A8B0 /* CalendarViewModel.swift in Sources */,
			);
			runOnlyForDeploymentPostprocessing = 0;
		};
		10F0F5382B8BE8DB00E3A8B0 /* Sources */ = {
			isa = PBXSourcesBuildPhase;
			buildActionMask = 2147483647;
			files = (
				10F0F5412B8BE8DB00E3A8B0 /* KairosTests.swift in Sources */,
			);
			runOnlyForDeploymentPostprocessing = 0;
		};
		10F0F5422B8BE8DB00E3A8B0 /* Sources */ = {
			isa = PBXSourcesBuildPhase;
			buildActionMask = 2147483647;
			files = (
				10F0F54B2B8BE8DB00E3A8B0 /* KairosUITests.swift in Sources */,
				10F0F54D2B8BE8DB00E3A8B0 /* KairosUITestsLaunchTests.swift in Sources */,
			);
			runOnlyForDeploymentPostprocessing = 0;
		};
/* End PBXSourcesBuildPhase section */

/* Begin PBXTargetDependency section */
		10F0F53E2B8BE8DB00E3A8B0 /* PBXTargetDependency */ = {
			isa = PBXTargetDependency;
			target = 10F0F5292B8BE8D800E3A8B0 /* Kairos */;
			targetProxy = 10F0F53D2B8BE8DB00E3A8B0 /* PBXContainerItemProxy */;
		};
		10F0F5482B8BE8DB00E3A8B0 /* PBXTargetDependency */ = {
			isa = PBXTargetDependency;
			target = 10F0F5292B8BE8D800E3A8B0 /* Kairos */;
			targetProxy = 10F0F5472B8BE8DB00E3A8B0 /* PBXContainerItemProxy */;
		};
/* End PBXTargetDependency section */

/* Begin XCBuildConfiguration section */
		10F0F54E2B8BE8DB00E3A8B0 /* Debug */ = {
			isa = XCBuildConfiguration;
			buildSettings = {
				ALWAYS_SEARCH_USER_PATHS = NO;
				ASSETCATALOG_COMPILER_GENERATE_SWIFT_ASSET_SYMBOL_EXTENSIONS = YES;
				CLANG_ANALYZER_NONNULL = YES;
				CLANG_ANALYZER_NUMBER_OBJECT_CONVERSION = YES_AGGRESSIVE;
				CLANG_CXX_LANGUAGE_STANDARD = "gnu++20";
				CLANG_ENABLE_MODULES = YES;
				CLANG_ENABLE_OBJC_ARC = YES;
				CLANG_ENABLE_OBJC_WEAK = YES;
				CLANG_WARN_BLOCK_CAPTURE_AUTORELEASING = YES;
				CLANG_WARN_BOOL_CONVERSION = YES;
				CLANG_WARN_COMMA = YES;
				CLANG_WARN_CONSTANT_CONVERSION = YES;
				CLANG_WARN_DEPRECATED_OBJC_IMPLEMENTATIONS = YES;
				CLANG_WARN_DIRECT_OBJC_ISA_USAGE = YES_ERROR;
				CLANG_WARN_DOCUMENTATION_COMMENTS = YES;
				CLANG_WARN_EMPTY_BODY = YES;
				CLANG_WARN_ENUM_CONVERSION = YES;
				CLANG_WARN_INFINITE_RECURSION = YES;
				CLANG_WARN_INT_CONVERSION = YES;
				CLANG_WARN_NON_LITERAL_NULL_CONVERSION = YES;
				CLANG_WARN_OBJC_IMPLICIT_RETAIN_SELF = YES;
				CLANG_WARN_OBJC_LITERAL_CONVERSION = YES;
				CLANG_WARN_OBJC_ROOT_CLASS = YES_ERROR;
				CLANG_WARN_QUOTED_INCLUDE_IN_FRAMEWORK_HEADER = YES;
				CLANG_WARN_RANGE_LOOP_ANALYSIS = YES;
				CLANG_WARN_STRICT_PROTOTYPES = YES;
				CLANG_WARN_SUSPICIOUS_MOVE = YES;
				CLANG_WARN_UNGUARDED_AVAILABILITY = YES_AGGRESSIVE;
				CLANG_WARN_UNREACHABLE_CODE = YES;
				CLANG_WARN__DUPLICATE_METHOD_MATCH = YES;
				COPY_PHASE_STRIP = NO;
				DEBUG_INFORMATION_FORMAT = dwarf;
				ENABLE_STRICT_OBJC_MSGSEND = YES;
				ENABLE_TESTABILITY = YES;
				ENABLE_USER_SCRIPT_SANDBOXING = YES;
				GCC_C_LANGUAGE_STANDARD = gnu17;
				GCC_DYNAMIC_NO_PIC = NO;
				GCC_NO_COMMON_BLOCKS = YES;
				GCC_OPTIMIZATION_LEVEL = 0;
				GCC_PREPROCESSOR_DEFINITIONS = (
					"DEBUG=1",
					"$(inherited)",
				);
				GCC_WARN_64_TO_32_BIT_CONVERSION = YES;
				GCC_WARN_ABOUT_RETURN_TYPE = YES_ERROR;
				GCC_WARN_UNDECLARED_SELECTOR = YES;
				GCC_WARN_UNINITIALIZED_AUTOS = YES_AGGRESSIVE;
				GCC_WARN_UNUSED_FUNCTION = YES;
				GCC_WARN_UNUSED_VARIABLE = YES;
				IPHONEOS_DEPLOYMENT_TARGET = 17.2;
				LOCALIZATION_PREFERS_STRING_CATALOGS = YES;
				MTL_ENABLE_DEBUG_INFO = INCLUDE_SOURCE;
				MTL_FAST_MATH = YES;
				ONLY_ACTIVE_ARCH = YES;
				SDKROOT = iphoneos;
				SWIFT_ACTIVE_COMPILATION_CONDITIONS = "DEBUG $(inherited)";
				SWIFT_OPTIMIZATION_LEVEL = "-Onone";
			};
			name = Debug;
		};
		10F0F54F2B8BE8DB00E3A8B0 /* Release */ = {
			isa = XCBuildConfiguration;
			buildSettings = {
				ALWAYS_SEARCH_USER_PATHS = NO;
				ASSETCATALOG_COMPILER_GENERATE_SWIFT_ASSET_SYMBOL_EXTENSIONS = YES;
				CLANG_ANALYZER_NONNULL = YES;
				CLANG_ANALYZER_NUMBER_OBJECT_CONVERSION = YES_AGGRESSIVE;
				CLANG_CXX_LANGUAGE_STANDARD = "gnu++20";
				CLANG_ENABLE_MODULES = YES;
				CLANG_ENABLE_OBJC_ARC = YES;
				CLANG_ENABLE_OBJC_WEAK = YES;
				CLANG_WARN_BLOCK_CAPTURE_AUTORELEASING = YES;
				CLANG_WARN_BOOL_CONVERSION = YES;
				CLANG_WARN_COMMA = YES;
				CLANG_WARN_CONSTANT_CONVERSION = YES;
				CLANG_WARN_DEPRECATED_OBJC_IMPLEMENTATIONS = YES;
				CLANG_WARN_DIRECT_OBJC_ISA_USAGE = YES_ERROR;
				CLANG_WARN_DOCUMENTATION_COMMENTS = YES;
				CLANG_WARN_EMPTY_BODY = YES;
				CLANG_WARN_ENUM_CONVERSION = YES;
				CLANG_WARN_INFINITE_RECURSION = YES;
				CLANG_WARN_INT_CONVERSION = YES;
				CLANG_WARN_NON_LITERAL_NULL_CONVERSION = YES;
				CLANG_WARN_OBJC_IMPLICIT_RETAIN_SELF = YES;
				CLANG_WARN_OBJC_LITERAL_CONVERSION = YES;
				CLANG_WARN_OBJC_ROOT_CLASS = YES_ERROR;
				CLANG_WARN_QUOTED_INCLUDE_IN_FRAMEWORK_HEADER = YES;
				CLANG_WARN_RANGE_LOOP_ANALYSIS = YES;
				CLANG_WARN_STRICT_PROTOTYPES = YES;
				CLANG_WARN_SUSPICIOUS_MOVE = YES;
				CLANG_WARN_UNGUARDED_AVAILABILITY = YES_AGGRESSIVE;
				CLANG_WARN_UNREACHABLE_CODE = YES;
				CLANG_WARN__DUPLICATE_METHOD_MATCH = YES;
				COPY_PHASE_STRIP = NO;
				DEBUG_INFORMATION_FORMAT = "dwarf-with-dsym";
				ENABLE_NS_ASSERTIONS = NO;
				ENABLE_STRICT_OBJC_MSGSEND = YES;
				ENABLE_USER_SCRIPT_SANDBOXING = YES;
				GCC_C_LANGUAGE_STANDARD = gnu17;
				GCC_NO_COMMON_BLOCKS = YES;
				GCC_WARN_64_TO_32_BIT_CONVERSION = YES;
				GCC_WARN_ABOUT_RETURN_TYPE = YES_ERROR;
				GCC_WARN_UNDECLARED_SELECTOR = YES;
				GCC_WARN_UNINITIALIZED_AUTOS = YES_AGGRESSIVE;
				GCC_WARN_UNUSED_FUNCTION = YES;
				GCC_WARN_UNUSED_VARIABLE = YES;
				IPHONEOS_DEPLOYMENT_TARGET = 17.2;
				LOCALIZATION_PREFERS_STRING_CATALOGS = YES;
				MTL_ENABLE_DEBUG_INFO = NO;
				MTL_FAST_MATH = YES;
				SDKROOT = iphoneos;
				SWIFT_COMPILATION_MODE = wholemodule;
				VALIDATE_PRODUCT = YES;
			};
			name = Release;
		};
		10F0F5512B8BE8DB00E3A8B0 /* Debug */ = {
			isa = XCBuildConfiguration;
			buildSettings = {
				ASSETCATALOG_COMPILER_APPICON_NAME = AppIcon;
				ASSETCATALOG_COMPILER_GLOBAL_ACCENT_COLOR_NAME = AccentColor;
				CODE_SIGN_STYLE = Automatic;
				CURRENT_PROJECT_VERSION = 1;
				DEVELOPMENT_ASSET_PATHS = "\"Kairos/Preview Content\"";
				DEVELOPMENT_TEAM = 66S8Y28DU4;
				ENABLE_PREVIEWS = YES;
				GENERATE_INFOPLIST_FILE = YES;
				INFOPLIST_KEY_UIApplicationSceneManifest_Generation = YES;
				INFOPLIST_KEY_UIApplicationSupportsIndirectInputEvents = YES;
				INFOPLIST_KEY_UILaunchScreen_Generation = YES;
				INFOPLIST_KEY_UISupportedInterfaceOrientations_iPad = "UIInterfaceOrientationPortrait UIInterfaceOrientationPortraitUpsideDown UIInterfaceOrientationLandscapeLeft UIInterfaceOrientationLandscapeRight";
				INFOPLIST_KEY_UISupportedInterfaceOrientations_iPhone = "UIInterfaceOrientationPortrait UIInterfaceOrientationLandscapeLeft UIInterfaceOrientationLandscapeRight";
				IPHONEOS_DEPLOYMENT_TARGET = 17.2;
				LD_RUNPATH_SEARCH_PATHS = (
					"$(inherited)",
					"@executable_path/Frameworks",
				);
				MARKETING_VERSION = 1.0;
				PRODUCT_BUNDLE_IDENTIFIER = "Kairos-Technologies.Kairos";
				PRODUCT_NAME = "$(TARGET_NAME)";
				SWIFT_EMIT_LOC_STRINGS = YES;
				SWIFT_VERSION = 5.0;
				TARGETED_DEVICE_FAMILY = "1,2";
			};
			name = Debug;
		};
		10F0F5522B8BE8DB00E3A8B0 /* Release */ = {
			isa = XCBuildConfiguration;
			buildSettings = {
				ASSETCATALOG_COMPILER_APPICON_NAME = AppIcon;
				ASSETCATALOG_COMPILER_GLOBAL_ACCENT_COLOR_NAME = AccentColor;
				CODE_SIGN_STYLE = Automatic;
				CURRENT_PROJECT_VERSION = 1;
				DEVELOPMENT_ASSET_PATHS = "\"Kairos/Preview Content\"";
				DEVELOPMENT_TEAM = 66S8Y28DU4;
				ENABLE_PREVIEWS = YES;
				GENERATE_INFOPLIST_FILE = YES;
				INFOPLIST_KEY_UIApplicationSceneManifest_Generation = YES;
				INFOPLIST_KEY_UIApplicationSupportsIndirectInputEvents = YES;
				INFOPLIST_KEY_UILaunchScreen_Generation = YES;
				INFOPLIST_KEY_UISupportedInterfaceOrientations_iPad = "UIInterfaceOrientationPortrait UIInterfaceOrientationPortraitUpsideDown UIInterfaceOrientationLandscapeLeft UIInterfaceOrientationLandscapeRight";
				INFOPLIST_KEY_UISupportedInterfaceOrientations_iPhone = "UIInterfaceOrientationPortrait UIInterfaceOrientationLandscapeLeft UIInterfaceOrientationLandscapeRight";
				IPHONEOS_DEPLOYMENT_TARGET = 17.2;
				LD_RUNPATH_SEARCH_PATHS = (
					"$(inherited)",
					"@executable_path/Frameworks",
				);
				MARKETING_VERSION = 1.0;
				PRODUCT_BUNDLE_IDENTIFIER = "Kairos-Technologies.Kairos";
				PRODUCT_NAME = "$(TARGET_NAME)";
				SWIFT_EMIT_LOC_STRINGS = YES;
				SWIFT_VERSION = 5.0;
				TARGETED_DEVICE_FAMILY = "1,2";
			};
			name = Release;
		};
		10F0F5542B8BE8DB00E3A8B0 /* Debug */ = {
			isa = XCBuildConfiguration;
			buildSettings = {
				ALWAYS_EMBED_SWIFT_STANDARD_LIBRARIES = YES;
				BUNDLE_LOADER = "$(TEST_HOST)";
				CODE_SIGN_STYLE = Automatic;
				CURRENT_PROJECT_VERSION = 1;
				GENERATE_INFOPLIST_FILE = YES;
				IPHONEOS_DEPLOYMENT_TARGET = 17.2;
				MARKETING_VERSION = 1.0;
				PRODUCT_BUNDLE_IDENTIFIER = "Kairos-Technologies.KairosTests";
				PRODUCT_NAME = "$(TARGET_NAME)";
				SWIFT_EMIT_LOC_STRINGS = NO;
				SWIFT_VERSION = 5.0;
				TARGETED_DEVICE_FAMILY = "1,2";
				TEST_HOST = "$(BUILT_PRODUCTS_DIR)/Kairos.app/$(BUNDLE_EXECUTABLE_FOLDER_PATH)/Kairos";
			};
			name = Debug;
		};
		10F0F5552B8BE8DB00E3A8B0 /* Release */ = {
			isa = XCBuildConfiguration;
			buildSettings = {
				ALWAYS_EMBED_SWIFT_STANDARD_LIBRARIES = YES;
				BUNDLE_LOADER = "$(TEST_HOST)";
				CODE_SIGN_STYLE = Automatic;
				CURRENT_PROJECT_VERSION = 1;
				GENERATE_INFOPLIST_FILE = YES;
				IPHONEOS_DEPLOYMENT_TARGET = 17.2;
				MARKETING_VERSION = 1.0;
				PRODUCT_BUNDLE_IDENTIFIER = "Kairos-Technologies.KairosTests";
				PRODUCT_NAME = "$(TARGET_NAME)";
				SWIFT_EMIT_LOC_STRINGS = NO;
				SWIFT_VERSION = 5.0;
				TARGETED_DEVICE_FAMILY = "1,2";
				TEST_HOST = "$(BUILT_PRODUCTS_DIR)/Kairos.app/$(BUNDLE_EXECUTABLE_FOLDER_PATH)/Kairos";
			};
			name = Release;
		};
		10F0F5572B8BE8DB00E3A8B0 /* Debug */ = {
			isa = XCBuildConfiguration;
			buildSettings = {
				ALWAYS_EMBED_SWIFT_STANDARD_LIBRARIES = YES;
				CODE_SIGN_STYLE = Automatic;
				CURRENT_PROJECT_VERSION = 1;
				GENERATE_INFOPLIST_FILE = YES;
				MARKETING_VERSION = 1.0;
				PRODUCT_BUNDLE_IDENTIFIER = "Kairos-Technologies.KairosUITests";
				PRODUCT_NAME = "$(TARGET_NAME)";
				SWIFT_EMIT_LOC_STRINGS = NO;
				SWIFT_VERSION = 5.0;
				TARGETED_DEVICE_FAMILY = "1,2";
				TEST_TARGET_NAME = Kairos;
			};
			name = Debug;
		};
		10F0F5582B8BE8DB00E3A8B0 /* Release */ = {
			isa = XCBuildConfiguration;
			buildSettings = {
				ALWAYS_EMBED_SWIFT_STANDARD_LIBRARIES = YES;
				CODE_SIGN_STYLE = Automatic;
				CURRENT_PROJECT_VERSION = 1;
				GENERATE_INFOPLIST_FILE = YES;
				MARKETING_VERSION = 1.0;
				PRODUCT_BUNDLE_IDENTIFIER = "Kairos-Technologies.KairosUITests";
				PRODUCT_NAME = "$(TARGET_NAME)";
				SWIFT_EMIT_LOC_STRINGS = NO;
				SWIFT_VERSION = 5.0;
				TARGETED_DEVICE_FAMILY = "1,2";
				TEST_TARGET_NAME = Kairos;
			};
			name = Release;
		};
/* End XCBuildConfiguration section */

/* Begin XCConfigurationList section */
		10F0F5252B8BE8D800E3A8B0 /* Build configuration list for PBXProject "Kairos" */ = {
			isa = XCConfigurationList;
			buildConfigurations = (
				10F0F54E2B8BE8DB00E3A8B0 /* Debug */,
				10F0F54F2B8BE8DB00E3A8B0 /* Release */,
			);
			defaultConfigurationIsVisible = 0;
			defaultConfigurationName = Release;
		};
		10F0F5502B8BE8DB00E3A8B0 /* Build configuration list for PBXNativeTarget "Kairos" */ = {
			isa = XCConfigurationList;
			buildConfigurations = (
				10F0F5512B8BE8DB00E3A8B0 /* Debug */,
				10F0F5522B8BE8DB00E3A8B0 /* Release */,
			);
			defaultConfigurationIsVisible = 0;
			defaultConfigurationName = Release;
		};
		10F0F5532B8BE8DB00E3A8B0 /* Build configuration list for PBXNativeTarget "KairosTests" */ = {
			isa = XCConfigurationList;
			buildConfigurations = (
				10F0F5542B8BE8DB00E3A8B0 /* Debug */,
				10F0F5552B8BE8DB00E3A8B0 /* Release */,
			);
			defaultConfigurationIsVisible = 0;
			defaultConfigurationName = Release;
		};
		10F0F5562B8BE8DB00E3A8B0 /* Build configuration list for PBXNativeTarget "KairosUITests" */ = {
			isa = XCConfigurationList;
			buildConfigurations = (
				10F0F5572B8BE8DB00E3A8B0 /* Debug */,
				10F0F5582B8BE8DB00E3A8B0 /* Release */,
			);
			defaultConfigurationIsVisible = 0;
			defaultConfigurationName = Release;
		};
/* End XCConfigurationList section */

/* Begin XCRemoteSwiftPackageReference section */
		10F0F5592B8BF91100E3A8B0 /* XCRemoteSwiftPackageReference "swift-nio" */ = {
			isa = XCRemoteSwiftPackageReference;
			repositoryURL = "https://github.com/apple/swift-nio.git";
			requirement = {
				kind = upToNextMajorVersion;
				minimumVersion = 2.63.0;
			};
		};
/* End XCRemoteSwiftPackageReference section */
	};
	rootObject = 10F0F5222B8BE8D800E3A8B0 /* Project object */;
}
