// !$*UTF8*$!
{
	archiveVersion = 1;
	classes = {
	};
	objectVersion = 56;
	objects = {

/* Begin PBXBuildFile section */
		10D5FC6D2B8D8A0A002CBE93 /* AppleCalendar.swift in Sources */ = {isa = PBXBuildFile; fileRef = 10D5FC6C2B8D8A0A002CBE93 /* AppleCalendar.swift */; };
		10D5FC702B8D8ACD002CBE93 /* EventKit.framework in Frameworks */ = {isa = PBXBuildFile; fileRef = 10D5FC6F2B8D8ACD002CBE93 /* EventKit.framework */; };
		10D5FC722B8D8AD5002CBE93 /* EventKitUI.framework in Frameworks */ = {isa = PBXBuildFile; fileRef = 10D5FC712B8D8AD5002CBE93 /* EventKitUI.framework */; };
		10D5FC742B8D8E44002CBE93 /* OnboardingView.swift in Sources */ = {isa = PBXBuildFile; fileRef = 10D5FC732B8D8E44002CBE93 /* OnboardingView.swift */; };
		10D5FC782B8D9ECE002CBE93 /* MrDeHaviland-Regular.ttf in Resources */ = {isa = PBXBuildFile; fileRef = 10D5FC772B8D9ECE002CBE93 /* MrDeHaviland-Regular.ttf */; };
		10D5FC9A2B8DB661002CBE93 /* KairosCalendar.swift in Sources */ = {isa = PBXBuildFile; fileRef = 10D5FC992B8DB661002CBE93 /* KairosCalendar.swift */; };
		10D5FC9C2B8DB744002CBE93 /* ContentView.swift in Sources */ = {isa = PBXBuildFile; fileRef = 10D5FC9B2B8DB744002CBE93 /* ContentView.swift */; };
		10D5FCA12B8E62CC002CBE93 /* FirebaseAnalytics in Frameworks */ = {isa = PBXBuildFile; productRef = 10D5FCA02B8E62CC002CBE93 /* FirebaseAnalytics */; };
		10D5FCA32B8E62CC002CBE93 /* FirebaseAnalyticsOnDeviceConversion in Frameworks */ = {isa = PBXBuildFile; productRef = 10D5FCA22B8E62CC002CBE93 /* FirebaseAnalyticsOnDeviceConversion */; };
		10D5FCA52B8E62CC002CBE93 /* FirebaseAnalyticsSwift in Frameworks */ = {isa = PBXBuildFile; productRef = 10D5FCA42B8E62CC002CBE93 /* FirebaseAnalyticsSwift */; };
		10D5FCA72B8E62CC002CBE93 /* FirebaseAnalyticsWithoutAdIdSupport in Frameworks */ = {isa = PBXBuildFile; productRef = 10D5FCA62B8E62CC002CBE93 /* FirebaseAnalyticsWithoutAdIdSupport */; };
		10D5FCA92B8E62CC002CBE93 /* FirebaseAppCheck in Frameworks */ = {isa = PBXBuildFile; productRef = 10D5FCA82B8E62CC002CBE93 /* FirebaseAppCheck */; };
		10D5FCAB2B8E62CC002CBE93 /* FirebaseAppDistribution-Beta in Frameworks */ = {isa = PBXBuildFile; productRef = 10D5FCAA2B8E62CC002CBE93 /* FirebaseAppDistribution-Beta */; };
		10D5FCAD2B8E62CC002CBE93 /* FirebaseAuth in Frameworks */ = {isa = PBXBuildFile; productRef = 10D5FCAC2B8E62CC002CBE93 /* FirebaseAuth */; };
		10D5FCAF2B8E62CC002CBE93 /* FirebaseAuthCombine-Community in Frameworks */ = {isa = PBXBuildFile; productRef = 10D5FCAE2B8E62CC002CBE93 /* FirebaseAuthCombine-Community */; };
		10D5FCB12B8E62CC002CBE93 /* FirebaseCrashlytics in Frameworks */ = {isa = PBXBuildFile; productRef = 10D5FCB02B8E62CC002CBE93 /* FirebaseCrashlytics */; };
		10D5FCB32B8E62CC002CBE93 /* FirebaseDatabase in Frameworks */ = {isa = PBXBuildFile; productRef = 10D5FCB22B8E62CC002CBE93 /* FirebaseDatabase */; };
		10D5FCB52B8E62CC002CBE93 /* FirebaseDatabaseSwift in Frameworks */ = {isa = PBXBuildFile; productRef = 10D5FCB42B8E62CC002CBE93 /* FirebaseDatabaseSwift */; };
		10D5FCB72B8E62CC002CBE93 /* FirebaseDynamicLinks in Frameworks */ = {isa = PBXBuildFile; productRef = 10D5FCB62B8E62CC002CBE93 /* FirebaseDynamicLinks */; };
		10D5FCB92B8E62CC002CBE93 /* FirebaseFirestore in Frameworks */ = {isa = PBXBuildFile; productRef = 10D5FCB82B8E62CC002CBE93 /* FirebaseFirestore */; };
		10D5FCBB2B8E62CC002CBE93 /* FirebaseFirestoreCombine-Community in Frameworks */ = {isa = PBXBuildFile; productRef = 10D5FCBA2B8E62CC002CBE93 /* FirebaseFirestoreCombine-Community */; };
		10D5FCBD2B8E62CC002CBE93 /* FirebaseFirestoreSwift in Frameworks */ = {isa = PBXBuildFile; productRef = 10D5FCBC2B8E62CC002CBE93 /* FirebaseFirestoreSwift */; };
		10D5FCBF2B8E62CC002CBE93 /* FirebaseFunctions in Frameworks */ = {isa = PBXBuildFile; productRef = 10D5FCBE2B8E62CC002CBE93 /* FirebaseFunctions */; };
		10D5FCC12B8E62CC002CBE93 /* FirebaseFunctionsCombine-Community in Frameworks */ = {isa = PBXBuildFile; productRef = 10D5FCC02B8E62CC002CBE93 /* FirebaseFunctionsCombine-Community */; };
		10D5FCC32B8E62CC002CBE93 /* FirebaseInAppMessaging-Beta in Frameworks */ = {isa = PBXBuildFile; productRef = 10D5FCC22B8E62CC002CBE93 /* FirebaseInAppMessaging-Beta */; };
		10D5FCC52B8E62CC002CBE93 /* FirebaseInAppMessagingSwift-Beta in Frameworks */ = {isa = PBXBuildFile; productRef = 10D5FCC42B8E62CC002CBE93 /* FirebaseInAppMessagingSwift-Beta */; };
		10D5FCC72B8E62CC002CBE93 /* FirebaseInstallations in Frameworks */ = {isa = PBXBuildFile; productRef = 10D5FCC62B8E62CC002CBE93 /* FirebaseInstallations */; };
		10D5FCC92B8E62CC002CBE93 /* FirebaseMLModelDownloader in Frameworks */ = {isa = PBXBuildFile; productRef = 10D5FCC82B8E62CC002CBE93 /* FirebaseMLModelDownloader */; };
		10D5FCCB2B8E62CC002CBE93 /* FirebaseMessaging in Frameworks */ = {isa = PBXBuildFile; productRef = 10D5FCCA2B8E62CC002CBE93 /* FirebaseMessaging */; };
		10D5FCCD2B8E62CC002CBE93 /* FirebasePerformance in Frameworks */ = {isa = PBXBuildFile; productRef = 10D5FCCC2B8E62CC002CBE93 /* FirebasePerformance */; };
		10D5FCCF2B8E62CC002CBE93 /* FirebaseRemoteConfig in Frameworks */ = {isa = PBXBuildFile; productRef = 10D5FCCE2B8E62CC002CBE93 /* FirebaseRemoteConfig */; };
		10D5FCD12B8E62CC002CBE93 /* FirebaseRemoteConfigSwift in Frameworks */ = {isa = PBXBuildFile; productRef = 10D5FCD02B8E62CC002CBE93 /* FirebaseRemoteConfigSwift */; };
		10D5FCD32B8E62CC002CBE93 /* FirebaseStorage in Frameworks */ = {isa = PBXBuildFile; productRef = 10D5FCD22B8E62CC002CBE93 /* FirebaseStorage */; };
		10D5FCD52B8E62CC002CBE93 /* FirebaseStorageCombine-Community in Frameworks */ = {isa = PBXBuildFile; productRef = 10D5FCD42B8E62CC002CBE93 /* FirebaseStorageCombine-Community */; };
		10D5FCDC2B8E82AC002CBE93 /* FirebaseAuthUI in Frameworks */ = {isa = PBXBuildFile; productRef = 10D5FCDB2B8E82AC002CBE93 /* FirebaseAuthUI */; };
		10D5FCDE2B8E82AC002CBE93 /* FirebaseDatabaseUI in Frameworks */ = {isa = PBXBuildFile; productRef = 10D5FCDD2B8E82AC002CBE93 /* FirebaseDatabaseUI */; };
		10D5FCE02B8E82AC002CBE93 /* FirebaseEmailAuthUI in Frameworks */ = {isa = PBXBuildFile; productRef = 10D5FCDF2B8E82AC002CBE93 /* FirebaseEmailAuthUI */; };
		10D5FCE22B8E82AC002CBE93 /* FirebaseFacebookAuthUI in Frameworks */ = {isa = PBXBuildFile; productRef = 10D5FCE12B8E82AC002CBE93 /* FirebaseFacebookAuthUI */; };
		10D5FCE42B8E83C4002CBE93 /* FirebaseOAuthUI in Frameworks */ = {isa = PBXBuildFile; productRef = 10D5FCE32B8E83C4002CBE93 /* FirebaseOAuthUI */; };
		10D5FCE62B8E848F002CBE93 /* FirebaseFirestoreUI in Frameworks */ = {isa = PBXBuildFile; productRef = 10D5FCE52B8E848F002CBE93 /* FirebaseFirestoreUI */; };
		10D5FCE82B8E848F002CBE93 /* FirebaseGoogleAuthUI in Frameworks */ = {isa = PBXBuildFile; productRef = 10D5FCE72B8E848F002CBE93 /* FirebaseGoogleAuthUI */; };
		10D5FCEA2B8E848F002CBE93 /* FirebasePhoneAuthUI in Frameworks */ = {isa = PBXBuildFile; productRef = 10D5FCE92B8E848F002CBE93 /* FirebasePhoneAuthUI */; };
		10D5FCEC2B8E848F002CBE93 /* FirebaseStorageUI in Frameworks */ = {isa = PBXBuildFile; productRef = 10D5FCEB2B8E848F002CBE93 /* FirebaseStorageUI */; };
		10E7B9D32B8EEB240056C031 /* User.swift in Sources */ = {isa = PBXBuildFile; fileRef = 10E7B9D22B8EEB240056C031 /* User.swift */; };
		10E7B9D72B9060190056C031 /* GoogleService-Info.plist in Resources */ = {isa = PBXBuildFile; fileRef = 10E7B9D62B9060190056C031 /* GoogleService-Info.plist */; };
		10E7B9D92B9110520056C031 /* AI_helper.swift in Sources */ = {isa = PBXBuildFile; fileRef = 10E7B9D82B9110520056C031 /* AI_helper.swift */; };
		10F0F52E2B8BE8D800E3A8B0 /* KairosApp.swift in Sources */ = {isa = PBXBuildFile; fileRef = 10F0F52D2B8BE8D800E3A8B0 /* KairosApp.swift */; };
		10F0F5322B8BE8D800E3A8B0 /* Item.swift in Sources */ = {isa = PBXBuildFile; fileRef = 10F0F5312B8BE8D800E3A8B0 /* Item.swift */; };
		10F0F5342B8BE8DA00E3A8B0 /* Assets.xcassets in Resources */ = {isa = PBXBuildFile; fileRef = 10F0F5332B8BE8DA00E3A8B0 /* Assets.xcassets */; };
		10F0F5372B8BE8DA00E3A8B0 /* Preview Assets.xcassets in Resources */ = {isa = PBXBuildFile; fileRef = 10F0F5362B8BE8DA00E3A8B0 /* Preview Assets.xcassets */; };
		10F0F5412B8BE8DB00E3A8B0 /* KairosTests.swift in Sources */ = {isa = PBXBuildFile; fileRef = 10F0F5402B8BE8DB00E3A8B0 /* KairosTests.swift */; };
		10F0F54B2B8BE8DB00E3A8B0 /* KairosUITests.swift in Sources */ = {isa = PBXBuildFile; fileRef = 10F0F54A2B8BE8DB00E3A8B0 /* KairosUITests.swift */; };
		10F0F54D2B8BE8DB00E3A8B0 /* KairosUITestsLaunchTests.swift in Sources */ = {isa = PBXBuildFile; fileRef = 10F0F54C2B8BE8DB00E3A8B0 /* KairosUITestsLaunchTests.swift */; };
/* End PBXBuildFile section */

/* Begin PBXContainerItemProxy section */
		10F0F53D2B8BE8DB00E3A8B0 /* PBXContainerItemProxy */ = {
			isa = PBXContainerItemProxy;
			containerPortal = 10F0F5222B8BE8D800E3A8B0 /* Project object */;
			proxyType = 1;
			remoteGlobalIDString = 10F0F5292B8BE8D800E3A8B0;
			remoteInfo = Kairos;
		};
		10F0F5472B8BE8DB00E3A8B0 /* PBXContainerItemProxy */ = {
			isa = PBXContainerItemProxy;
			containerPortal = 10F0F5222B8BE8D800E3A8B0 /* Project object */;
			proxyType = 1;
			remoteGlobalIDString = 10F0F5292B8BE8D800E3A8B0;
			remoteInfo = Kairos;
		};
/* End PBXContainerItemProxy section */

/* Begin PBXFileReference section */
		10D5FC6C2B8D8A0A002CBE93 /* AppleCalendar.swift */ = {isa = PBXFileReference; lastKnownFileType = sourcecode.swift; path = AppleCalendar.swift; sourceTree = "<group>"; };
		10D5FC6F2B8D8ACD002CBE93 /* EventKit.framework */ = {isa = PBXFileReference; lastKnownFileType = wrapper.framework; name = EventKit.framework; path = System/Library/Frameworks/EventKit.framework; sourceTree = SDKROOT; };
		10D5FC712B8D8AD5002CBE93 /* EventKitUI.framework */ = {isa = PBXFileReference; lastKnownFileType = wrapper.framework; name = EventKitUI.framework; path = System/Library/Frameworks/EventKitUI.framework; sourceTree = SDKROOT; };
		10D5FC732B8D8E44002CBE93 /* OnboardingView.swift */ = {isa = PBXFileReference; lastKnownFileType = sourcecode.swift; path = OnboardingView.swift; sourceTree = "<group>"; };
		10D5FC772B8D9ECE002CBE93 /* MrDeHaviland-Regular.ttf */ = {isa = PBXFileReference; lastKnownFileType = file; path = "MrDeHaviland-Regular.ttf"; sourceTree = "<group>"; };
		10D5FC992B8DB661002CBE93 /* KairosCalendar.swift */ = {isa = PBXFileReference; lastKnownFileType = sourcecode.swift; path = KairosCalendar.swift; sourceTree = "<group>"; };
		10D5FC9B2B8DB744002CBE93 /* ContentView.swift */ = {isa = PBXFileReference; lastKnownFileType = sourcecode.swift; path = ContentView.swift; sourceTree = "<group>"; };
		10E7B9D22B8EEB240056C031 /* User.swift */ = {isa = PBXFileReference; lastKnownFileType = sourcecode.swift; path = User.swift; sourceTree = "<group>"; };
		10E7B9D62B9060190056C031 /* GoogleService-Info.plist */ = {isa = PBXFileReference; lastKnownFileType = text.plist; path = "GoogleService-Info.plist"; sourceTree = SOURCE_ROOT; };
		10E7B9D82B9110520056C031 /* AI_helper.swift */ = {isa = PBXFileReference; lastKnownFileType = sourcecode.swift; path = AI_helper.swift; sourceTree = "<group>"; };
		10F0F52A2B8BE8D800E3A8B0 /* Kairos.app */ = {isa = PBXFileReference; explicitFileType = wrapper.application; includeInIndex = 0; path = Kairos.app; sourceTree = BUILT_PRODUCTS_DIR; };
		10F0F52D2B8BE8D800E3A8B0 /* KairosApp.swift */ = {isa = PBXFileReference; lastKnownFileType = sourcecode.swift; path = KairosApp.swift; sourceTree = "<group>"; };
		10F0F5312B8BE8D800E3A8B0 /* Item.swift */ = {isa = PBXFileReference; lastKnownFileType = sourcecode.swift; path = Item.swift; sourceTree = "<group>"; };
		10F0F5332B8BE8DA00E3A8B0 /* Assets.xcassets */ = {isa = PBXFileReference; lastKnownFileType = folder.assetcatalog; path = Assets.xcassets; sourceTree = "<group>"; };
		10F0F5362B8BE8DA00E3A8B0 /* Preview Assets.xcassets */ = {isa = PBXFileReference; lastKnownFileType = folder.assetcatalog; path = "Preview Assets.xcassets"; sourceTree = "<group>"; };
		10F0F53C2B8BE8DB00E3A8B0 /* KairosTests.xctest */ = {isa = PBXFileReference; explicitFileType = wrapper.cfbundle; includeInIndex = 0; path = KairosTests.xctest; sourceTree = BUILT_PRODUCTS_DIR; };
		10F0F5402B8BE8DB00E3A8B0 /* KairosTests.swift */ = {isa = PBXFileReference; lastKnownFileType = sourcecode.swift; path = KairosTests.swift; sourceTree = "<group>"; };
		10F0F5462B8BE8DB00E3A8B0 /* KairosUITests.xctest */ = {isa = PBXFileReference; explicitFileType = wrapper.cfbundle; includeInIndex = 0; path = KairosUITests.xctest; sourceTree = BUILT_PRODUCTS_DIR; };
		10F0F54A2B8BE8DB00E3A8B0 /* KairosUITests.swift */ = {isa = PBXFileReference; lastKnownFileType = sourcecode.swift; path = KairosUITests.swift; sourceTree = "<group>"; };
		10F0F54C2B8BE8DB00E3A8B0 /* KairosUITestsLaunchTests.swift */ = {isa = PBXFileReference; lastKnownFileType = sourcecode.swift; path = KairosUITestsLaunchTests.swift; sourceTree = "<group>"; };
/* End PBXFileReference section */

/* Begin PBXFrameworksBuildPhase section */
		10F0F5272B8BE8D800E3A8B0 /* Frameworks */ = {
			isa = PBXFrameworksBuildPhase;
			buildActionMask = 2147483647;
			files = (
				10D5FCCB2B8E62CC002CBE93 /* FirebaseMessaging in Frameworks */,
				10D5FCEC2B8E848F002CBE93 /* FirebaseStorageUI in Frameworks */,
				10D5FC722B8D8AD5002CBE93 /* EventKitUI.framework in Frameworks */,
				10D5FCE82B8E848F002CBE93 /* FirebaseGoogleAuthUI in Frameworks */,
				10D5FCBD2B8E62CC002CBE93 /* FirebaseFirestoreSwift in Frameworks */,
				10D5FCEA2B8E848F002CBE93 /* FirebasePhoneAuthUI in Frameworks */,
				10D5FCA72B8E62CC002CBE93 /* FirebaseAnalyticsWithoutAdIdSupport in Frameworks */,
				10D5FCBF2B8E62CC002CBE93 /* FirebaseFunctions in Frameworks */,
				10D5FC702B8D8ACD002CBE93 /* EventKit.framework in Frameworks */,
				10D5FCA12B8E62CC002CBE93 /* FirebaseAnalytics in Frameworks */,
				10D5FCAD2B8E62CC002CBE93 /* FirebaseAuth in Frameworks */,
				10D5FCB72B8E62CC002CBE93 /* FirebaseDynamicLinks in Frameworks */,
				10D5FCB12B8E62CC002CBE93 /* FirebaseCrashlytics in Frameworks */,
				10D5FCDE2B8E82AC002CBE93 /* FirebaseDatabaseUI in Frameworks */,
				10D5FCC92B8E62CC002CBE93 /* FirebaseMLModelDownloader in Frameworks */,
				10D5FCE02B8E82AC002CBE93 /* FirebaseEmailAuthUI in Frameworks */,
				10D5FCE22B8E82AC002CBE93 /* FirebaseFacebookAuthUI in Frameworks */,
				10D5FCB52B8E62CC002CBE93 /* FirebaseDatabaseSwift in Frameworks */,
				10D5FCB92B8E62CC002CBE93 /* FirebaseFirestore in Frameworks */,
				10D5FCC72B8E62CC002CBE93 /* FirebaseInstallations in Frameworks */,
				10D5FCE62B8E848F002CBE93 /* FirebaseFirestoreUI in Frameworks */,
				10D5FCC12B8E62CC002CBE93 /* FirebaseFunctionsCombine-Community in Frameworks */,
				10D5FCBB2B8E62CC002CBE93 /* FirebaseFirestoreCombine-Community in Frameworks */,
				10D5FCB32B8E62CC002CBE93 /* FirebaseDatabase in Frameworks */,
				10D5FCCD2B8E62CC002CBE93 /* FirebasePerformance in Frameworks */,
				10D5FCA92B8E62CC002CBE93 /* FirebaseAppCheck in Frameworks */,
				10D5FCDC2B8E82AC002CBE93 /* FirebaseAuthUI in Frameworks */,
				10D5FCA32B8E62CC002CBE93 /* FirebaseAnalyticsOnDeviceConversion in Frameworks */,
				10D5FCC52B8E62CC002CBE93 /* FirebaseInAppMessagingSwift-Beta in Frameworks */,
				10D5FCD12B8E62CC002CBE93 /* FirebaseRemoteConfigSwift in Frameworks */,
				10D5FCA52B8E62CC002CBE93 /* FirebaseAnalyticsSwift in Frameworks */,
				10D5FCAB2B8E62CC002CBE93 /* FirebaseAppDistribution-Beta in Frameworks */,
				10D5FCCF2B8E62CC002CBE93 /* FirebaseRemoteConfig in Frameworks */,
				10D5FCD32B8E62CC002CBE93 /* FirebaseStorage in Frameworks */,
				10D5FCAF2B8E62CC002CBE93 /* FirebaseAuthCombine-Community in Frameworks */,
				10D5FCD52B8E62CC002CBE93 /* FirebaseStorageCombine-Community in Frameworks */,
				10D5FCC32B8E62CC002CBE93 /* FirebaseInAppMessaging-Beta in Frameworks */,
				10D5FCE42B8E83C4002CBE93 /* FirebaseOAuthUI in Frameworks */,
			);
			runOnlyForDeploymentPostprocessing = 0;
		};
		10F0F5392B8BE8DB00E3A8B0 /* Frameworks */ = {
			isa = PBXFrameworksBuildPhase;
			buildActionMask = 2147483647;
			files = (
			);
			runOnlyForDeploymentPostprocessing = 0;
		};
		10F0F5432B8BE8DB00E3A8B0 /* Frameworks */ = {
			isa = PBXFrameworksBuildPhase;
			buildActionMask = 2147483647;
			files = (
			);
			runOnlyForDeploymentPostprocessing = 0;
		};
/* End PBXFrameworksBuildPhase section */

/* Begin PBXGroup section */
		10D5FC6E2B8D8ACC002CBE93 /* Frameworks */ = {
			isa = PBXGroup;
			children = (
				10D5FC712B8D8AD5002CBE93 /* EventKitUI.framework */,
				10D5FC6F2B8D8ACD002CBE93 /* EventKit.framework */,
			);
			name = Frameworks;
			sourceTree = "<group>";
		};
		10F0F5212B8BE8D800E3A8B0 = {
			isa = PBXGroup;
			children = (
				10F0F52C2B8BE8D800E3A8B0 /* Kairos */,
				10F0F53F2B8BE8DB00E3A8B0 /* KairosTests */,
				10F0F5492B8BE8DB00E3A8B0 /* KairosUITests */,
				10F0F52B2B8BE8D800E3A8B0 /* Products */,
				10D5FC6E2B8D8ACC002CBE93 /* Frameworks */,
			);
			sourceTree = "<group>";
		};
		10F0F52B2B8BE8D800E3A8B0 /* Products */ = {
			isa = PBXGroup;
			children = (
				10F0F52A2B8BE8D800E3A8B0 /* Kairos.app */,
				10F0F53C2B8BE8DB00E3A8B0 /* KairosTests.xctest */,
				10F0F5462B8BE8DB00E3A8B0 /* KairosUITests.xctest */,
			);
			name = Products;
			sourceTree = "<group>";
		};
		10F0F52C2B8BE8D800E3A8B0 /* Kairos */ = {
			isa = PBXGroup;
			children = (
				10F0F52D2B8BE8D800E3A8B0 /* KairosApp.swift */,
				10D5FC9B2B8DB744002CBE93 /* ContentView.swift */,
				10E7B9D22B8EEB240056C031 /* User.swift */,
				10E7B9D82B9110520056C031 /* AI_helper.swift */,
				10D5FC732B8D8E44002CBE93 /* OnboardingView.swift */,
				10D5FC6C2B8D8A0A002CBE93 /* AppleCalendar.swift */,
				10D5FC992B8DB661002CBE93 /* KairosCalendar.swift */,
				10F0F5312B8BE8D800E3A8B0 /* Item.swift */,
				10F0F5332B8BE8DA00E3A8B0 /* Assets.xcassets */,
				10D5FC772B8D9ECE002CBE93 /* MrDeHaviland-Regular.ttf */,
				10E7B9D62B9060190056C031 /* GoogleService-Info.plist */,
				10F0F5352B8BE8DA00E3A8B0 /* Preview Content */,
			);
			path = Kairos;
			sourceTree = "<group>";
		};
		10F0F5352B8BE8DA00E3A8B0 /* Preview Content */ = {
			isa = PBXGroup;
			children = (
				10F0F5362B8BE8DA00E3A8B0 /* Preview Assets.xcassets */,
			);
			path = "Preview Content";
			sourceTree = "<group>";
		};
		10F0F53F2B8BE8DB00E3A8B0 /* KairosTests */ = {
			isa = PBXGroup;
			children = (
				10F0F5402B8BE8DB00E3A8B0 /* KairosTests.swift */,
			);
			path = KairosTests;
			sourceTree = "<group>";
		};
		10F0F5492B8BE8DB00E3A8B0 /* KairosUITests */ = {
			isa = PBXGroup;
			children = (
				10F0F54A2B8BE8DB00E3A8B0 /* KairosUITests.swift */,
				10F0F54C2B8BE8DB00E3A8B0 /* KairosUITestsLaunchTests.swift */,
			);
			path = KairosUITests;
			sourceTree = "<group>";
		};
/* End PBXGroup section */

/* Begin PBXNativeTarget section */
		10F0F5292B8BE8D800E3A8B0 /* Kairos */ = {
			isa = PBXNativeTarget;
			buildConfigurationList = 10F0F5502B8BE8DB00E3A8B0 /* Build configuration list for PBXNativeTarget "Kairos" */;
			buildPhases = (
				10F0F5262B8BE8D800E3A8B0 /* Sources */,
				10F0F5272B8BE8D800E3A8B0 /* Frameworks */,
				10F0F5282B8BE8D800E3A8B0 /* Resources */,
			);
			buildRules = (
			);
			dependencies = (
			);
			name = Kairos;
			packageProductDependencies = (
				10D5FCA02B8E62CC002CBE93 /* FirebaseAnalytics */,
				10D5FCA22B8E62CC002CBE93 /* FirebaseAnalyticsOnDeviceConversion */,
				10D5FCA42B8E62CC002CBE93 /* FirebaseAnalyticsSwift */,
				10D5FCA62B8E62CC002CBE93 /* FirebaseAnalyticsWithoutAdIdSupport */,
				10D5FCA82B8E62CC002CBE93 /* FirebaseAppCheck */,
				10D5FCAA2B8E62CC002CBE93 /* FirebaseAppDistribution-Beta */,
				10D5FCAC2B8E62CC002CBE93 /* FirebaseAuth */,
				10D5FCAE2B8E62CC002CBE93 /* FirebaseAuthCombine-Community */,
				10D5FCB02B8E62CC002CBE93 /* FirebaseCrashlytics */,
				10D5FCB22B8E62CC002CBE93 /* FirebaseDatabase */,
				10D5FCB42B8E62CC002CBE93 /* FirebaseDatabaseSwift */,
				10D5FCB62B8E62CC002CBE93 /* FirebaseDynamicLinks */,
				10D5FCB82B8E62CC002CBE93 /* FirebaseFirestore */,
				10D5FCBA2B8E62CC002CBE93 /* FirebaseFirestoreCombine-Community */,
				10D5FCBC2B8E62CC002CBE93 /* FirebaseFirestoreSwift */,
				10D5FCBE2B8E62CC002CBE93 /* FirebaseFunctions */,
				10D5FCC02B8E62CC002CBE93 /* FirebaseFunctionsCombine-Community */,
				10D5FCC22B8E62CC002CBE93 /* FirebaseInAppMessaging-Beta */,
				10D5FCC42B8E62CC002CBE93 /* FirebaseInAppMessagingSwift-Beta */,
				10D5FCC62B8E62CC002CBE93 /* FirebaseInstallations */,
				10D5FCC82B8E62CC002CBE93 /* FirebaseMLModelDownloader */,
				10D5FCCA2B8E62CC002CBE93 /* FirebaseMessaging */,
				10D5FCCC2B8E62CC002CBE93 /* FirebasePerformance */,
				10D5FCCE2B8E62CC002CBE93 /* FirebaseRemoteConfig */,
				10D5FCD02B8E62CC002CBE93 /* FirebaseRemoteConfigSwift */,
				10D5FCD22B8E62CC002CBE93 /* FirebaseStorage */,
				10D5FCD42B8E62CC002CBE93 /* FirebaseStorageCombine-Community */,
				10D5FCDB2B8E82AC002CBE93 /* FirebaseAuthUI */,
				10D5FCDD2B8E82AC002CBE93 /* FirebaseDatabaseUI */,
				10D5FCDF2B8E82AC002CBE93 /* FirebaseEmailAuthUI */,
				10D5FCE12B8E82AC002CBE93 /* FirebaseFacebookAuthUI */,
				10D5FCE32B8E83C4002CBE93 /* FirebaseOAuthUI */,
				10D5FCE52B8E848F002CBE93 /* FirebaseFirestoreUI */,
				10D5FCE72B8E848F002CBE93 /* FirebaseGoogleAuthUI */,
				10D5FCE92B8E848F002CBE93 /* FirebasePhoneAuthUI */,
				10D5FCEB2B8E848F002CBE93 /* FirebaseStorageUI */,
			);
			productName = Kairos;
			productReference = 10F0F52A2B8BE8D800E3A8B0 /* Kairos.app */;
			productType = "com.apple.product-type.application";
		};
		10F0F53B2B8BE8DB00E3A8B0 /* KairosTests */ = {
			isa = PBXNativeTarget;
			buildConfigurationList = 10F0F5532B8BE8DB00E3A8B0 /* Build configuration list for PBXNativeTarget "KairosTests" */;
			buildPhases = (
				10F0F5382B8BE8DB00E3A8B0 /* Sources */,
				10F0F5392B8BE8DB00E3A8B0 /* Frameworks */,
				10F0F53A2B8BE8DB00E3A8B0 /* Resources */,
			);
			buildRules = (
			);
			dependencies = (
				10F0F53E2B8BE8DB00E3A8B0 /* PBXTargetDependency */,
			);
			name = KairosTests;
			productName = KairosTests;
			productReference = 10F0F53C2B8BE8DB00E3A8B0 /* KairosTests.xctest */;
			productType = "com.apple.product-type.bundle.unit-test";
		};
		10F0F5452B8BE8DB00E3A8B0 /* KairosUITests */ = {
			isa = PBXNativeTarget;
			buildConfigurationList = 10F0F5562B8BE8DB00E3A8B0 /* Build configuration list for PBXNativeTarget "KairosUITests" */;
			buildPhases = (
				10F0F5422B8BE8DB00E3A8B0 /* Sources */,
				10F0F5432B8BE8DB00E3A8B0 /* Frameworks */,
				10F0F5442B8BE8DB00E3A8B0 /* Resources */,
			);
			buildRules = (
			);
			dependencies = (
				10F0F5482B8BE8DB00E3A8B0 /* PBXTargetDependency */,
			);
			name = KairosUITests;
			productName = KairosUITests;
			productReference = 10F0F5462B8BE8DB00E3A8B0 /* KairosUITests.xctest */;
			productType = "com.apple.product-type.bundle.ui-testing";
		};
/* End PBXNativeTarget section */

/* Begin PBXProject section */
		10F0F5222B8BE8D800E3A8B0 /* Project object */ = {
			isa = PBXProject;
			attributes = {
				BuildIndependentTargetsInParallel = 1;
				LastSwiftUpdateCheck = 1520;
				LastUpgradeCheck = 1520;
				TargetAttributes = {
					10F0F5292B8BE8D800E3A8B0 = {
						CreatedOnToolsVersion = 15.2;
					};
					10F0F53B2B8BE8DB00E3A8B0 = {
						CreatedOnToolsVersion = 15.2;
						TestTargetID = 10F0F5292B8BE8D800E3A8B0;
					};
					10F0F5452B8BE8DB00E3A8B0 = {
						CreatedOnToolsVersion = 15.2;
						TestTargetID = 10F0F5292B8BE8D800E3A8B0;
					};
				};
			};
			buildConfigurationList = 10F0F5252B8BE8D800E3A8B0 /* Build configuration list for PBXProject "Kairos" */;
			compatibilityVersion = "Xcode 14.0";
			developmentRegion = en;
			hasScannedForEncodings = 0;
			knownRegions = (
				en,
				Base,
			);
			mainGroup = 10F0F5212B8BE8D800E3A8B0;
			packageReferences = (
				10F0F5592B8BF91100E3A8B0 /* XCRemoteSwiftPackageReference "swift-nio" */,
				10D5FC792B8DAB3F002CBE93 /* XCRemoteSwiftPackageReference "swift-collections" */,
				10D5FC9F2B8E62CC002CBE93 /* XCRemoteSwiftPackageReference "firebase-ios-sdk" */,
				10D5FCDA2B8E8245002CBE93 /* XCRemoteSwiftPackageReference "FirebaseUI-iOS" */,
			);
			productRefGroup = 10F0F52B2B8BE8D800E3A8B0 /* Products */;
			projectDirPath = "";
			projectRoot = "";
			targets = (
				10F0F5292B8BE8D800E3A8B0 /* Kairos */,
				10F0F53B2B8BE8DB00E3A8B0 /* KairosTests */,
				10F0F5452B8BE8DB00E3A8B0 /* KairosUITests */,
			);
		};
/* End PBXProject section */

/* Begin PBXResourcesBuildPhase section */
		10F0F5282B8BE8D800E3A8B0 /* Resources */ = {
			isa = PBXResourcesBuildPhase;
			buildActionMask = 2147483647;
			files = (
				10F0F5372B8BE8DA00E3A8B0 /* Preview Assets.xcassets in Resources */,
				10E7B9D72B9060190056C031 /* GoogleService-Info.plist in Resources */,
				10F0F5342B8BE8DA00E3A8B0 /* Assets.xcassets in Resources */,
				10D5FC782B8D9ECE002CBE93 /* MrDeHaviland-Regular.ttf in Resources */,
			);
			runOnlyForDeploymentPostprocessing = 0;
		};
		10F0F53A2B8BE8DB00E3A8B0 /* Resources */ = {
			isa = PBXResourcesBuildPhase;
			buildActionMask = 2147483647;
			files = (
			);
			runOnlyForDeploymentPostprocessing = 0;
		};
		10F0F5442B8BE8DB00E3A8B0 /* Resources */ = {
			isa = PBXResourcesBuildPhase;
			buildActionMask = 2147483647;
			files = (
			);
			runOnlyForDeploymentPostprocessing = 0;
		};
/* End PBXResourcesBuildPhase section */

/* Begin PBXSourcesBuildPhase section */
		10F0F5262B8BE8D800E3A8B0 /* Sources */ = {
			isa = PBXSourcesBuildPhase;
			buildActionMask = 2147483647;
			files = (
				10D5FC742B8D8E44002CBE93 /* OnboardingView.swift in Sources */,
				10F0F5322B8BE8D800E3A8B0 /* Item.swift in Sources */,
				10D5FC9C2B8DB744002CBE93 /* ContentView.swift in Sources */,
				10E7B9D92B9110520056C031 /* AI_helper.swift in Sources */,
				10F0F52E2B8BE8D800E3A8B0 /* KairosApp.swift in Sources */,
				10D5FC9A2B8DB661002CBE93 /* KairosCalendar.swift in Sources */,
				10D5FC6D2B8D8A0A002CBE93 /* AppleCalendar.swift in Sources */,
				10E7B9D32B8EEB240056C031 /* User.swift in Sources */,
			);
			runOnlyForDeploymentPostprocessing = 0;
		};
		10F0F5382B8BE8DB00E3A8B0 /* Sources */ = {
			isa = PBXSourcesBuildPhase;
			buildActionMask = 2147483647;
			files = (
				10F0F5412B8BE8DB00E3A8B0 /* KairosTests.swift in Sources */,
			);
			runOnlyForDeploymentPostprocessing = 0;
		};
		10F0F5422B8BE8DB00E3A8B0 /* Sources */ = {
			isa = PBXSourcesBuildPhase;
			buildActionMask = 2147483647;
			files = (
				10F0F54B2B8BE8DB00E3A8B0 /* KairosUITests.swift in Sources */,
				10F0F54D2B8BE8DB00E3A8B0 /* KairosUITestsLaunchTests.swift in Sources */,
			);
			runOnlyForDeploymentPostprocessing = 0;
		};
/* End PBXSourcesBuildPhase section */

/* Begin PBXTargetDependency section */
		10F0F53E2B8BE8DB00E3A8B0 /* PBXTargetDependency */ = {
			isa = PBXTargetDependency;
			target = 10F0F5292B8BE8D800E3A8B0 /* Kairos */;
			targetProxy = 10F0F53D2B8BE8DB00E3A8B0 /* PBXContainerItemProxy */;
		};
		10F0F5482B8BE8DB00E3A8B0 /* PBXTargetDependency */ = {
			isa = PBXTargetDependency;
			target = 10F0F5292B8BE8D800E3A8B0 /* Kairos */;
			targetProxy = 10F0F5472B8BE8DB00E3A8B0 /* PBXContainerItemProxy */;
		};
/* End PBXTargetDependency section */

/* Begin XCBuildConfiguration section */
		10F0F54E2B8BE8DB00E3A8B0 /* Debug */ = {
			isa = XCBuildConfiguration;
			buildSettings = {
				ALWAYS_SEARCH_USER_PATHS = NO;
				ASSETCATALOG_COMPILER_GENERATE_SWIFT_ASSET_SYMBOL_EXTENSIONS = YES;
				CLANG_ANALYZER_NONNULL = YES;
				CLANG_ANALYZER_NUMBER_OBJECT_CONVERSION = YES_AGGRESSIVE;
				CLANG_CXX_LANGUAGE_STANDARD = "gnu++20";
				CLANG_ENABLE_MODULES = YES;
				CLANG_ENABLE_OBJC_ARC = YES;
				CLANG_ENABLE_OBJC_WEAK = YES;
				CLANG_WARN_BLOCK_CAPTURE_AUTORELEASING = YES;
				CLANG_WARN_BOOL_CONVERSION = YES;
				CLANG_WARN_COMMA = YES;
				CLANG_WARN_CONSTANT_CONVERSION = YES;
				CLANG_WARN_DEPRECATED_OBJC_IMPLEMENTATIONS = YES;
				CLANG_WARN_DIRECT_OBJC_ISA_USAGE = YES_ERROR;
				CLANG_WARN_DOCUMENTATION_COMMENTS = YES;
				CLANG_WARN_EMPTY_BODY = YES;
				CLANG_WARN_ENUM_CONVERSION = YES;
				CLANG_WARN_INFINITE_RECURSION = YES;
				CLANG_WARN_INT_CONVERSION = YES;
				CLANG_WARN_NON_LITERAL_NULL_CONVERSION = YES;
				CLANG_WARN_OBJC_IMPLICIT_RETAIN_SELF = YES;
				CLANG_WARN_OBJC_LITERAL_CONVERSION = YES;
				CLANG_WARN_OBJC_ROOT_CLASS = YES_ERROR;
				CLANG_WARN_QUOTED_INCLUDE_IN_FRAMEWORK_HEADER = YES;
				CLANG_WARN_RANGE_LOOP_ANALYSIS = YES;
				CLANG_WARN_STRICT_PROTOTYPES = YES;
				CLANG_WARN_SUSPICIOUS_MOVE = YES;
				CLANG_WARN_UNGUARDED_AVAILABILITY = YES_AGGRESSIVE;
				CLANG_WARN_UNREACHABLE_CODE = YES;
				CLANG_WARN__DUPLICATE_METHOD_MATCH = YES;
				COPY_PHASE_STRIP = NO;
				DEBUG_INFORMATION_FORMAT = dwarf;
				ENABLE_STRICT_OBJC_MSGSEND = YES;
				ENABLE_TESTABILITY = YES;
				ENABLE_USER_SCRIPT_SANDBOXING = YES;
				GCC_C_LANGUAGE_STANDARD = gnu17;
				GCC_DYNAMIC_NO_PIC = NO;
				GCC_NO_COMMON_BLOCKS = YES;
				GCC_OPTIMIZATION_LEVEL = 0;
				GCC_PREPROCESSOR_DEFINITIONS = (
					"DEBUG=1",
					"$(inherited)",
				);
				GCC_WARN_64_TO_32_BIT_CONVERSION = YES;
				GCC_WARN_ABOUT_RETURN_TYPE = YES_ERROR;
				GCC_WARN_UNDECLARED_SELECTOR = YES;
				GCC_WARN_UNINITIALIZED_AUTOS = YES_AGGRESSIVE;
				GCC_WARN_UNUSED_FUNCTION = YES;
				GCC_WARN_UNUSED_VARIABLE = YES;
				IPHONEOS_DEPLOYMENT_TARGET = 17.2;
				LOCALIZATION_PREFERS_STRING_CATALOGS = YES;
				MTL_ENABLE_DEBUG_INFO = INCLUDE_SOURCE;
				MTL_FAST_MATH = YES;
				ONLY_ACTIVE_ARCH = YES;
				SDKROOT = iphoneos;
				SWIFT_ACTIVE_COMPILATION_CONDITIONS = "DEBUG $(inherited)";
				SWIFT_OPTIMIZATION_LEVEL = "-Onone";
			};
			name = Debug;
		};
		10F0F54F2B8BE8DB00E3A8B0 /* Release */ = {
			isa = XCBuildConfiguration;
			buildSettings = {
				ALWAYS_SEARCH_USER_PATHS = NO;
				ASSETCATALOG_COMPILER_GENERATE_SWIFT_ASSET_SYMBOL_EXTENSIONS = YES;
				CLANG_ANALYZER_NONNULL = YES;
				CLANG_ANALYZER_NUMBER_OBJECT_CONVERSION = YES_AGGRESSIVE;
				CLANG_CXX_LANGUAGE_STANDARD = "gnu++20";
				CLANG_ENABLE_MODULES = YES;
				CLANG_ENABLE_OBJC_ARC = YES;
				CLANG_ENABLE_OBJC_WEAK = YES;
				CLANG_WARN_BLOCK_CAPTURE_AUTORELEASING = YES;
				CLANG_WARN_BOOL_CONVERSION = YES;
				CLANG_WARN_COMMA = YES;
				CLANG_WARN_CONSTANT_CONVERSION = YES;
				CLANG_WARN_DEPRECATED_OBJC_IMPLEMENTATIONS = YES;
				CLANG_WARN_DIRECT_OBJC_ISA_USAGE = YES_ERROR;
				CLANG_WARN_DOCUMENTATION_COMMENTS = YES;
				CLANG_WARN_EMPTY_BODY = YES;
				CLANG_WARN_ENUM_CONVERSION = YES;
				CLANG_WARN_INFINITE_RECURSION = YES;
				CLANG_WARN_INT_CONVERSION = YES;
				CLANG_WARN_NON_LITERAL_NULL_CONVERSION = YES;
				CLANG_WARN_OBJC_IMPLICIT_RETAIN_SELF = YES;
				CLANG_WARN_OBJC_LITERAL_CONVERSION = YES;
				CLANG_WARN_OBJC_ROOT_CLASS = YES_ERROR;
				CLANG_WARN_QUOTED_INCLUDE_IN_FRAMEWORK_HEADER = YES;
				CLANG_WARN_RANGE_LOOP_ANALYSIS = YES;
				CLANG_WARN_STRICT_PROTOTYPES = YES;
				CLANG_WARN_SUSPICIOUS_MOVE = YES;
				CLANG_WARN_UNGUARDED_AVAILABILITY = YES_AGGRESSIVE;
				CLANG_WARN_UNREACHABLE_CODE = YES;
				CLANG_WARN__DUPLICATE_METHOD_MATCH = YES;
				COPY_PHASE_STRIP = NO;
				DEBUG_INFORMATION_FORMAT = "dwarf-with-dsym";
				ENABLE_NS_ASSERTIONS = NO;
				ENABLE_STRICT_OBJC_MSGSEND = YES;
				ENABLE_USER_SCRIPT_SANDBOXING = YES;
				GCC_C_LANGUAGE_STANDARD = gnu17;
				GCC_NO_COMMON_BLOCKS = YES;
				GCC_WARN_64_TO_32_BIT_CONVERSION = YES;
				GCC_WARN_ABOUT_RETURN_TYPE = YES_ERROR;
				GCC_WARN_UNDECLARED_SELECTOR = YES;
				GCC_WARN_UNINITIALIZED_AUTOS = YES_AGGRESSIVE;
				GCC_WARN_UNUSED_FUNCTION = YES;
				GCC_WARN_UNUSED_VARIABLE = YES;
				IPHONEOS_DEPLOYMENT_TARGET = 17.2;
				LOCALIZATION_PREFERS_STRING_CATALOGS = YES;
				MTL_ENABLE_DEBUG_INFO = NO;
				MTL_FAST_MATH = YES;
				SDKROOT = iphoneos;
				SWIFT_COMPILATION_MODE = wholemodule;
				VALIDATE_PRODUCT = YES;
			};
			name = Release;
		};
		10F0F5512B8BE8DB00E3A8B0 /* Debug */ = {
			isa = XCBuildConfiguration;
			buildSettings = {
				ASSETCATALOG_COMPILER_APPICON_NAME = AppIcon;
				ASSETCATALOG_COMPILER_GLOBAL_ACCENT_COLOR_NAME = AccentColor;
				CODE_SIGN_STYLE = Automatic;
				CURRENT_PROJECT_VERSION = 1;
				DEVELOPMENT_ASSET_PATHS = "\"Kairos/Preview Content\"";
				DEVELOPMENT_TEAM = 66S8Y28DU4;
				ENABLE_PREVIEWS = YES;
				GENERATE_INFOPLIST_FILE = YES;
				INFOPLIST_FILE = Kairos/Info.plist;
				INFOPLIST_KEY_UIApplicationSceneManifest_Generation = YES;
				INFOPLIST_KEY_UIApplicationSupportsIndirectInputEvents = YES;
				INFOPLIST_KEY_UILaunchScreen_Generation = YES;
				INFOPLIST_KEY_UILaunchStoryboardName = "";
				INFOPLIST_KEY_UISupportedInterfaceOrientations_iPad = "UIInterfaceOrientationPortrait UIInterfaceOrientationPortraitUpsideDown UIInterfaceOrientationLandscapeLeft UIInterfaceOrientationLandscapeRight";
				INFOPLIST_KEY_UISupportedInterfaceOrientations_iPhone = "UIInterfaceOrientationPortrait UIInterfaceOrientationLandscapeLeft UIInterfaceOrientationLandscapeRight";
				IPHONEOS_DEPLOYMENT_TARGET = 17.2;
				LD_RUNPATH_SEARCH_PATHS = (
					"$(inherited)",
					"@executable_path/Frameworks",
				);
				MARKETING_VERSION = 1.0;
				PRODUCT_BUNDLE_IDENTIFIER = "Kairos-Technologies.Kairos";
				PRODUCT_NAME = "$(TARGET_NAME)";
				SWIFT_EMIT_LOC_STRINGS = YES;
				SWIFT_VERSION = 5.0;
				TARGETED_DEVICE_FAMILY = "1,2";
			};
			name = Debug;
		};
		10F0F5522B8BE8DB00E3A8B0 /* Release */ = {
			isa = XCBuildConfiguration;
			buildSettings = {
				ASSETCATALOG_COMPILER_APPICON_NAME = AppIcon;
				ASSETCATALOG_COMPILER_GLOBAL_ACCENT_COLOR_NAME = AccentColor;
				CODE_SIGN_STYLE = Automatic;
				CURRENT_PROJECT_VERSION = 1;
				DEVELOPMENT_ASSET_PATHS = "\"Kairos/Preview Content\"";
				DEVELOPMENT_TEAM = 66S8Y28DU4;
				ENABLE_PREVIEWS = YES;
				GENERATE_INFOPLIST_FILE = YES;
				INFOPLIST_FILE = Kairos/Info.plist;
				INFOPLIST_KEY_UIApplicationSceneManifest_Generation = YES;
				INFOPLIST_KEY_UIApplicationSupportsIndirectInputEvents = YES;
				INFOPLIST_KEY_UILaunchScreen_Generation = YES;
				INFOPLIST_KEY_UILaunchStoryboardName = "";
				INFOPLIST_KEY_UISupportedInterfaceOrientations_iPad = "UIInterfaceOrientationPortrait UIInterfaceOrientationPortraitUpsideDown UIInterfaceOrientationLandscapeLeft UIInterfaceOrientationLandscapeRight";
				INFOPLIST_KEY_UISupportedInterfaceOrientations_iPhone = "UIInterfaceOrientationPortrait UIInterfaceOrientationLandscapeLeft UIInterfaceOrientationLandscapeRight";
				IPHONEOS_DEPLOYMENT_TARGET = 17.2;
				LD_RUNPATH_SEARCH_PATHS = (
					"$(inherited)",
					"@executable_path/Frameworks",
				);
				MARKETING_VERSION = 1.0;
				"OTHER_LDFLAGS[arch=*]" = "-ObjC";
				PRODUCT_BUNDLE_IDENTIFIER = "Kairos-Technologies.Kairos";
				PRODUCT_NAME = "$(TARGET_NAME)";
				SWIFT_EMIT_LOC_STRINGS = YES;
				SWIFT_VERSION = 5.0;
				TARGETED_DEVICE_FAMILY = "1,2";
			};
			name = Release;
		};
		10F0F5542B8BE8DB00E3A8B0 /* Debug */ = {
			isa = XCBuildConfiguration;
			buildSettings = {
				ALWAYS_EMBED_SWIFT_STANDARD_LIBRARIES = YES;
				BUNDLE_LOADER = "$(TEST_HOST)";
				CODE_SIGN_STYLE = Automatic;
				CURRENT_PROJECT_VERSION = 1;
				GENERATE_INFOPLIST_FILE = YES;
				IPHONEOS_DEPLOYMENT_TARGET = 17.2;
				MARKETING_VERSION = 1.0;
				PRODUCT_BUNDLE_IDENTIFIER = "Kairos-Technologies.KairosTests";
				PRODUCT_NAME = "$(TARGET_NAME)";
				SWIFT_EMIT_LOC_STRINGS = NO;
				SWIFT_VERSION = 5.0;
				TARGETED_DEVICE_FAMILY = "1,2";
				TEST_HOST = "$(BUILT_PRODUCTS_DIR)/Kairos.app/$(BUNDLE_EXECUTABLE_FOLDER_PATH)/Kairos";
			};
			name = Debug;
		};
		10F0F5552B8BE8DB00E3A8B0 /* Release */ = {
			isa = XCBuildConfiguration;
			buildSettings = {
				ALWAYS_EMBED_SWIFT_STANDARD_LIBRARIES = YES;
				BUNDLE_LOADER = "$(TEST_HOST)";
				CODE_SIGN_STYLE = Automatic;
				CURRENT_PROJECT_VERSION = 1;
				GENERATE_INFOPLIST_FILE = YES;
				IPHONEOS_DEPLOYMENT_TARGET = 17.2;
				MARKETING_VERSION = 1.0;
				PRODUCT_BUNDLE_IDENTIFIER = "Kairos-Technologies.KairosTests";
				PRODUCT_NAME = "$(TARGET_NAME)";
				SWIFT_EMIT_LOC_STRINGS = NO;
				SWIFT_VERSION = 5.0;
				TARGETED_DEVICE_FAMILY = "1,2";
				TEST_HOST = "$(BUILT_PRODUCTS_DIR)/Kairos.app/$(BUNDLE_EXECUTABLE_FOLDER_PATH)/Kairos";
			};
			name = Release;
		};
		10F0F5572B8BE8DB00E3A8B0 /* Debug */ = {
			isa = XCBuildConfiguration;
			buildSettings = {
				ALWAYS_EMBED_SWIFT_STANDARD_LIBRARIES = YES;
				CODE_SIGN_STYLE = Automatic;
				CURRENT_PROJECT_VERSION = 1;
				GENERATE_INFOPLIST_FILE = YES;
				MARKETING_VERSION = 1.0;
				PRODUCT_BUNDLE_IDENTIFIER = "Kairos-Technologies.KairosUITests";
				PRODUCT_NAME = "$(TARGET_NAME)";
				SWIFT_EMIT_LOC_STRINGS = NO;
				SWIFT_VERSION = 5.0;
				TARGETED_DEVICE_FAMILY = "1,2";
				TEST_TARGET_NAME = Kairos;
			};
			name = Debug;
		};
		10F0F5582B8BE8DB00E3A8B0 /* Release */ = {
			isa = XCBuildConfiguration;
			buildSettings = {
				ALWAYS_EMBED_SWIFT_STANDARD_LIBRARIES = YES;
				CODE_SIGN_STYLE = Automatic;
				CURRENT_PROJECT_VERSION = 1;
				GENERATE_INFOPLIST_FILE = YES;
				MARKETING_VERSION = 1.0;
				PRODUCT_BUNDLE_IDENTIFIER = "Kairos-Technologies.KairosUITests";
				PRODUCT_NAME = "$(TARGET_NAME)";
				SWIFT_EMIT_LOC_STRINGS = NO;
				SWIFT_VERSION = 5.0;
				TARGETED_DEVICE_FAMILY = "1,2";
				TEST_TARGET_NAME = Kairos;
			};
			name = Release;
		};
/* End XCBuildConfiguration section */

/* Begin XCConfigurationList section */
		10F0F5252B8BE8D800E3A8B0 /* Build configuration list for PBXProject "Kairos" */ = {
			isa = XCConfigurationList;
			buildConfigurations = (
				10F0F54E2B8BE8DB00E3A8B0 /* Debug */,
				10F0F54F2B8BE8DB00E3A8B0 /* Release */,
			);
			defaultConfigurationIsVisible = 0;
			defaultConfigurationName = Release;
		};
		10F0F5502B8BE8DB00E3A8B0 /* Build configuration list for PBXNativeTarget "Kairos" */ = {
			isa = XCConfigurationList;
			buildConfigurations = (
				10F0F5512B8BE8DB00E3A8B0 /* Debug */,
				10F0F5522B8BE8DB00E3A8B0 /* Release */,
			);
			defaultConfigurationIsVisible = 0;
			defaultConfigurationName = Release;
		};
		10F0F5532B8BE8DB00E3A8B0 /* Build configuration list for PBXNativeTarget "KairosTests" */ = {
			isa = XCConfigurationList;
			buildConfigurations = (
				10F0F5542B8BE8DB00E3A8B0 /* Debug */,
				10F0F5552B8BE8DB00E3A8B0 /* Release */,
			);
			defaultConfigurationIsVisible = 0;
			defaultConfigurationName = Release;
		};
		10F0F5562B8BE8DB00E3A8B0 /* Build configuration list for PBXNativeTarget "KairosUITests" */ = {
			isa = XCConfigurationList;
			buildConfigurations = (
				10F0F5572B8BE8DB00E3A8B0 /* Debug */,
				10F0F5582B8BE8DB00E3A8B0 /* Release */,
			);
			defaultConfigurationIsVisible = 0;
			defaultConfigurationName = Release;
		};
/* End XCConfigurationList section */

/* Begin XCRemoteSwiftPackageReference section */
		10D5FC792B8DAB3F002CBE93 /* XCRemoteSwiftPackageReference "swift-collections" */ = {
			isa = XCRemoteSwiftPackageReference;
			repositoryURL = "https://github.com/apple/swift-collections.git";
			requirement = {
				kind = upToNextMajorVersion;
				minimumVersion = 1.1.0;
			};
		};
		10D5FC9F2B8E62CC002CBE93 /* XCRemoteSwiftPackageReference "firebase-ios-sdk" */ = {
			isa = XCRemoteSwiftPackageReference;
			repositoryURL = "https://github.com/firebase/firebase-ios-sdk";
			requirement = {
				kind = upToNextMajorVersion;
				minimumVersion = 10.21.0;
			};
		};
		10D5FCDA2B8E8245002CBE93 /* XCRemoteSwiftPackageReference "FirebaseUI-iOS" */ = {
			isa = XCRemoteSwiftPackageReference;
			repositoryURL = "https://github.com/firebase/FirebaseUI-iOS";
			requirement = {
				kind = upToNextMajorVersion;
				minimumVersion = 13.1.0;
			};
		};
		10F0F5592B8BF91100E3A8B0 /* XCRemoteSwiftPackageReference "swift-nio" */ = {
			isa = XCRemoteSwiftPackageReference;
			repositoryURL = "https://github.com/apple/swift-nio.git";
			requirement = {
				kind = upToNextMajorVersion;
				minimumVersion = 2.63.0;
			};
		};
/* End XCRemoteSwiftPackageReference section */

/* Begin XCSwiftPackageProductDependency section */
		10D5FCA02B8E62CC002CBE93 /* FirebaseAnalytics */ = {
			isa = XCSwiftPackageProductDependency;
			package = 10D5FC9F2B8E62CC002CBE93 /* XCRemoteSwiftPackageReference "firebase-ios-sdk" */;
			productName = FirebaseAnalytics;
		};
		10D5FCA22B8E62CC002CBE93 /* FirebaseAnalyticsOnDeviceConversion */ = {
			isa = XCSwiftPackageProductDependency;
			package = 10D5FC9F2B8E62CC002CBE93 /* XCRemoteSwiftPackageReference "firebase-ios-sdk" */;
			productName = FirebaseAnalyticsOnDeviceConversion;
		};
		10D5FCA42B8E62CC002CBE93 /* FirebaseAnalyticsSwift */ = {
			isa = XCSwiftPackageProductDependency;
			package = 10D5FC9F2B8E62CC002CBE93 /* XCRemoteSwiftPackageReference "firebase-ios-sdk" */;
			productName = FirebaseAnalyticsSwift;
		};
		10D5FCA62B8E62CC002CBE93 /* FirebaseAnalyticsWithoutAdIdSupport */ = {
			isa = XCSwiftPackageProductDependency;
			package = 10D5FC9F2B8E62CC002CBE93 /* XCRemoteSwiftPackageReference "firebase-ios-sdk" */;
			productName = FirebaseAnalyticsWithoutAdIdSupport;
		};
		10D5FCA82B8E62CC002CBE93 /* FirebaseAppCheck */ = {
			isa = XCSwiftPackageProductDependency;
			package = 10D5FC9F2B8E62CC002CBE93 /* XCRemoteSwiftPackageReference "firebase-ios-sdk" */;
			productName = FirebaseAppCheck;
		};
		10D5FCAA2B8E62CC002CBE93 /* FirebaseAppDistribution-Beta */ = {
			isa = XCSwiftPackageProductDependency;
			package = 10D5FC9F2B8E62CC002CBE93 /* XCRemoteSwiftPackageReference "firebase-ios-sdk" */;
			productName = "FirebaseAppDistribution-Beta";
		};
		10D5FCAC2B8E62CC002CBE93 /* FirebaseAuth */ = {
			isa = XCSwiftPackageProductDependency;
			package = 10D5FC9F2B8E62CC002CBE93 /* XCRemoteSwiftPackageReference "firebase-ios-sdk" */;
			productName = FirebaseAuth;
		};
		10D5FCAE2B8E62CC002CBE93 /* FirebaseAuthCombine-Community */ = {
			isa = XCSwiftPackageProductDependency;
			package = 10D5FC9F2B8E62CC002CBE93 /* XCRemoteSwiftPackageReference "firebase-ios-sdk" */;
			productName = "FirebaseAuthCombine-Community";
		};
		10D5FCB02B8E62CC002CBE93 /* FirebaseCrashlytics */ = {
			isa = XCSwiftPackageProductDependency;
			package = 10D5FC9F2B8E62CC002CBE93 /* XCRemoteSwiftPackageReference "firebase-ios-sdk" */;
			productName = FirebaseCrashlytics;
		};
		10D5FCB22B8E62CC002CBE93 /* FirebaseDatabase */ = {
			isa = XCSwiftPackageProductDependency;
			package = 10D5FC9F2B8E62CC002CBE93 /* XCRemoteSwiftPackageReference "firebase-ios-sdk" */;
			productName = FirebaseDatabase;
		};
		10D5FCB42B8E62CC002CBE93 /* FirebaseDatabaseSwift */ = {
			isa = XCSwiftPackageProductDependency;
			package = 10D5FC9F2B8E62CC002CBE93 /* XCRemoteSwiftPackageReference "firebase-ios-sdk" */;
			productName = FirebaseDatabaseSwift;
		};
		10D5FCB62B8E62CC002CBE93 /* FirebaseDynamicLinks */ = {
			isa = XCSwiftPackageProductDependency;
			package = 10D5FC9F2B8E62CC002CBE93 /* XCRemoteSwiftPackageReference "firebase-ios-sdk" */;
			productName = FirebaseDynamicLinks;
		};
		10D5FCB82B8E62CC002CBE93 /* FirebaseFirestore */ = {
			isa = XCSwiftPackageProductDependency;
			package = 10D5FC9F2B8E62CC002CBE93 /* XCRemoteSwiftPackageReference "firebase-ios-sdk" */;
			productName = FirebaseFirestore;
		};
		10D5FCBA2B8E62CC002CBE93 /* FirebaseFirestoreCombine-Community */ = {
			isa = XCSwiftPackageProductDependency;
			package = 10D5FC9F2B8E62CC002CBE93 /* XCRemoteSwiftPackageReference "firebase-ios-sdk" */;
			productName = "FirebaseFirestoreCombine-Community";
		};
		10D5FCBC2B8E62CC002CBE93 /* FirebaseFirestoreSwift */ = {
			isa = XCSwiftPackageProductDependency;
			package = 10D5FC9F2B8E62CC002CBE93 /* XCRemoteSwiftPackageReference "firebase-ios-sdk" */;
			productName = FirebaseFirestoreSwift;
		};
		10D5FCBE2B8E62CC002CBE93 /* FirebaseFunctions */ = {
			isa = XCSwiftPackageProductDependency;
			package = 10D5FC9F2B8E62CC002CBE93 /* XCRemoteSwiftPackageReference "firebase-ios-sdk" */;
			productName = FirebaseFunctions;
		};
		10D5FCC02B8E62CC002CBE93 /* FirebaseFunctionsCombine-Community */ = {
			isa = XCSwiftPackageProductDependency;
			package = 10D5FC9F2B8E62CC002CBE93 /* XCRemoteSwiftPackageReference "firebase-ios-sdk" */;
			productName = "FirebaseFunctionsCombine-Community";
		};
		10D5FCC22B8E62CC002CBE93 /* FirebaseInAppMessaging-Beta */ = {
			isa = XCSwiftPackageProductDependency;
			package = 10D5FC9F2B8E62CC002CBE93 /* XCRemoteSwiftPackageReference "firebase-ios-sdk" */;
			productName = "FirebaseInAppMessaging-Beta";
		};
		10D5FCC42B8E62CC002CBE93 /* FirebaseInAppMessagingSwift-Beta */ = {
			isa = XCSwiftPackageProductDependency;
			package = 10D5FC9F2B8E62CC002CBE93 /* XCRemoteSwiftPackageReference "firebase-ios-sdk" */;
			productName = "FirebaseInAppMessagingSwift-Beta";
		};
		10D5FCC62B8E62CC002CBE93 /* FirebaseInstallations */ = {
			isa = XCSwiftPackageProductDependency;
			package = 10D5FC9F2B8E62CC002CBE93 /* XCRemoteSwiftPackageReference "firebase-ios-sdk" */;
			productName = FirebaseInstallations;
		};
		10D5FCC82B8E62CC002CBE93 /* FirebaseMLModelDownloader */ = {
			isa = XCSwiftPackageProductDependency;
			package = 10D5FC9F2B8E62CC002CBE93 /* XCRemoteSwiftPackageReference "firebase-ios-sdk" */;
			productName = FirebaseMLModelDownloader;
		};
		10D5FCCA2B8E62CC002CBE93 /* FirebaseMessaging */ = {
			isa = XCSwiftPackageProductDependency;
			package = 10D5FC9F2B8E62CC002CBE93 /* XCRemoteSwiftPackageReference "firebase-ios-sdk" */;
			productName = FirebaseMessaging;
		};
		10D5FCCC2B8E62CC002CBE93 /* FirebasePerformance */ = {
			isa = XCSwiftPackageProductDependency;
			package = 10D5FC9F2B8E62CC002CBE93 /* XCRemoteSwiftPackageReference "firebase-ios-sdk" */;
			productName = FirebasePerformance;
		};
		10D5FCCE2B8E62CC002CBE93 /* FirebaseRemoteConfig */ = {
			isa = XCSwiftPackageProductDependency;
			package = 10D5FC9F2B8E62CC002CBE93 /* XCRemoteSwiftPackageReference "firebase-ios-sdk" */;
			productName = FirebaseRemoteConfig;
		};
		10D5FCD02B8E62CC002CBE93 /* FirebaseRemoteConfigSwift */ = {
			isa = XCSwiftPackageProductDependency;
			package = 10D5FC9F2B8E62CC002CBE93 /* XCRemoteSwiftPackageReference "firebase-ios-sdk" */;
			productName = FirebaseRemoteConfigSwift;
		};
		10D5FCD22B8E62CC002CBE93 /* FirebaseStorage */ = {
			isa = XCSwiftPackageProductDependency;
			package = 10D5FC9F2B8E62CC002CBE93 /* XCRemoteSwiftPackageReference "firebase-ios-sdk" */;
			productName = FirebaseStorage;
		};
		10D5FCD42B8E62CC002CBE93 /* FirebaseStorageCombine-Community */ = {
			isa = XCSwiftPackageProductDependency;
			package = 10D5FC9F2B8E62CC002CBE93 /* XCRemoteSwiftPackageReference "firebase-ios-sdk" */;
			productName = "FirebaseStorageCombine-Community";
		};
		10D5FCDB2B8E82AC002CBE93 /* FirebaseAuthUI */ = {
			isa = XCSwiftPackageProductDependency;
			package = 10D5FCDA2B8E8245002CBE93 /* XCRemoteSwiftPackageReference "FirebaseUI-iOS" */;
			productName = FirebaseAuthUI;
		};
		10D5FCDD2B8E82AC002CBE93 /* FirebaseDatabaseUI */ = {
			isa = XCSwiftPackageProductDependency;
			package = 10D5FCDA2B8E8245002CBE93 /* XCRemoteSwiftPackageReference "FirebaseUI-iOS" */;
			productName = FirebaseDatabaseUI;
		};
		10D5FCDF2B8E82AC002CBE93 /* FirebaseEmailAuthUI */ = {
			isa = XCSwiftPackageProductDependency;
			package = 10D5FCDA2B8E8245002CBE93 /* XCRemoteSwiftPackageReference "FirebaseUI-iOS" */;
			productName = FirebaseEmailAuthUI;
		};
		10D5FCE12B8E82AC002CBE93 /* FirebaseFacebookAuthUI */ = {
			isa = XCSwiftPackageProductDependency;
			package = 10D5FCDA2B8E8245002CBE93 /* XCRemoteSwiftPackageReference "FirebaseUI-iOS" */;
			productName = FirebaseFacebookAuthUI;
		};
		10D5FCE32B8E83C4002CBE93 /* FirebaseOAuthUI */ = {
			isa = XCSwiftPackageProductDependency;
			package = 10D5FCDA2B8E8245002CBE93 /* XCRemoteSwiftPackageReference "FirebaseUI-iOS" */;
			productName = FirebaseOAuthUI;
		};
		10D5FCE52B8E848F002CBE93 /* FirebaseFirestoreUI */ = {
			isa = XCSwiftPackageProductDependency;
			package = 10D5FCDA2B8E8245002CBE93 /* XCRemoteSwiftPackageReference "FirebaseUI-iOS" */;
			productName = FirebaseFirestoreUI;
		};
		10D5FCE72B8E848F002CBE93 /* FirebaseGoogleAuthUI */ = {
			isa = XCSwiftPackageProductDependency;
			package = 10D5FCDA2B8E8245002CBE93 /* XCRemoteSwiftPackageReference "FirebaseUI-iOS" */;
			productName = FirebaseGoogleAuthUI;
		};
		10D5FCE92B8E848F002CBE93 /* FirebasePhoneAuthUI */ = {
			isa = XCSwiftPackageProductDependency;
			package = 10D5FCDA2B8E8245002CBE93 /* XCRemoteSwiftPackageReference "FirebaseUI-iOS" */;
			productName = FirebasePhoneAuthUI;
		};
		10D5FCEB2B8E848F002CBE93 /* FirebaseStorageUI */ = {
			isa = XCSwiftPackageProductDependency;
			package = 10D5FCDA2B8E8245002CBE93 /* XCRemoteSwiftPackageReference "FirebaseUI-iOS" */;
			productName = FirebaseStorageUI;
		};
/* End XCSwiftPackageProductDependency section */
	};
	rootObject = 10F0F5222B8BE8D800E3A8B0 /* Project object */;
}
